// !$*UTF8*$!
{
	archiveVersion = 1;
	classes = {
	};
	objectVersion = 46;
	objects = {

/* Begin PBXBuildFile section */
		B42754DA15814C3A00328308 /* Foundation.framework in Frameworks */ = {isa = PBXBuildFile; fileRef = B42754D915814C3A00328308 /* Foundation.framework */; };
		B4F70C4C15FB7939008C44DB /* DDXcodeProjectFile.m in Sources */ = {isa = PBXBuildFile; fileRef = B4F70C4A15FB7939008C44DB /* DDXcodeProjectFile.m */; };
		B4F70C4D15FB7939008C44DB /* DDXcodeProjectFileMain.m in Sources */ = {isa = PBXBuildFile; fileRef = B4F70C4B15FB7939008C44DB /* DDXcodeProjectFileMain.m */; };
/* End PBXBuildFile section */

/* Begin PBXCopyFilesBuildPhase section */
		B42754D315814C3A00328308 /* CopyFiles */ = {
			isa = PBXCopyFilesBuildPhase;
			buildActionMask = 2147483647;
			dstPath = /usr/share/man/man1/;
			dstSubfolderSpec = 0;
			files = (
			);
			runOnlyForDeploymentPostprocessing = 1;
		};
/* End PBXCopyFilesBuildPhase section */

/* Begin PBXFileReference section */
		B42754D515814C3A00328308 /* DDXcodeProjectFile */ = {isa = PBXFileReference; explicitFileType = "compiled.mach-o.executable"; includeInIndex = 0; path = DDXcodeProjectFile; sourceTree = BUILT_PRODUCTS_DIR; };
		B42754D915814C3A00328308 /* Foundation.framework */ = {isa = PBXFileReference; lastKnownFileType = wrapper.framework; name = Foundation.framework; path = System/Library/Frameworks/Foundation.framework; sourceTree = SDKROOT; };
		B4F70C4915FB7939008C44DB /* DDXcodeProjectFile.h */ = {isa = PBXFileReference; fileEncoding = 4; lastKnownFileType = sourcecode.c.h; path = DDXcodeProjectFile.h; sourceTree = "<group>"; };
		B4F70C4A15FB7939008C44DB /* DDXcodeProjectFile.m */ = {isa = PBXFileReference; fileEncoding = 4; lastKnownFileType = sourcecode.c.objc; path = DDXcodeProjectFile.m; sourceTree = "<group>"; };
		B4F70C4B15FB7939008C44DB /* DDXcodeProjectFileMain.m */ = {isa = PBXFileReference; fileEncoding = 4; lastKnownFileType = sourcecode.c.objc; path = DDXcodeProjectFileMain.m; sourceTree = "<group>"; };
/* End PBXFileReference section */

/* Begin PBXFrameworksBuildPhase section */
		B42754D215814C3A00328308 /* Frameworks */ = {
			isa = PBXFrameworksBuildPhase;
			buildActionMask = 2147483647;
			files = (
				B42754DA15814C3A00328308 /* Foundation.framework in Frameworks */,
			);
			runOnlyForDeploymentPostprocessing = 0;
		};
/* End PBXFrameworksBuildPhase section */

/* Begin PBXGroup section */
		B42754CA15814C3A00328308 = {
			isa = PBXGroup;
			children = (
				B4F70C4815FB7939008C44DB /* DDXcodeProjectFile */,
				B42754D815814C3A00328308 /* Frameworks */,
				B42754D615814C3A00328308 /* Products */,
			);
			sourceTree = "<group>";
		};
		B42754D615814C3A00328308 /* Products */ = {
			isa = PBXGroup;
			children = (
				B42754D515814C3A00328308 /* DDXcodeProjectFile */,
			);
			name = Products;
			sourceTree = "<group>";
		};
		B42754D815814C3A00328308 /* Frameworks */ = {
			isa = PBXGroup;
			children = (
				B42754D915814C3A00328308 /* Foundation.framework */,
			);
			name = Frameworks;
			sourceTree = "<group>";
		};
		B4F70C4815FB7939008C44DB /* DDXcodeProjectFile */ = {
			isa = PBXGroup;
			children = (
				B4F70C4915FB7939008C44DB /* DDXcodeProjectFile.h */,
				B4F70C4A15FB7939008C44DB /* DDXcodeProjectFile.m */,
				B4F70C4B15FB7939008C44DB /* DDXcodeProjectFileMain.m */,
			);
			path = DDXcodeProjectFile;
			sourceTree = "<group>";
		};
/* End PBXGroup section */

/* Begin PBXNativeTarget section */
		B42754D415814C3A00328308 /* DDXcodeProjectFile */ = {
			isa = PBXNativeTarget;
			buildConfigurationList = B42754E415814C3A00328308 /* Build configuration list for PBXNativeTarget "DDXcodeProjectFile" */;
			buildPhases = (
				B42754D115814C3A00328308 /* Sources */,
				B42754D215814C3A00328308 /* Frameworks */,
				B42754D315814C3A00328308 /* CopyFiles */,
			);
			buildRules = (
			);
			dependencies = (
			);
			name = DDXcodeProjectFile;
			productName = M42ASLQuery;
			productReference = B42754D515814C3A00328308 /* DDXcodeProjectFile */;
			productType = "com.apple.product-type.tool";
		};
/* End PBXNativeTarget section */

/* Begin PBXProject section */
		B42754CC15814C3A00328308 /* Project object */ = {
			isa = PBXProject;
			attributes = {
				LastUpgradeCheck = 0430;
				ORGANIZATIONNAME = "doo GmbH";
			};
			buildConfigurationList = B42754CF15814C3A00328308 /* Build configuration list for PBXProject "DDXcodeProjectFile" */;
			compatibilityVersion = "Xcode 3.2";
			developmentRegion = English;
			hasScannedForEncodings = 0;
			knownRegions = (
				en,
			);
			mainGroup = B42754CA15814C3A00328308;
			productRefGroup = B42754D615814C3A00328308 /* Products */;
			projectDirPath = "";
			projectRoot = "";
			targets = (
				B42754D415814C3A00328308 /* DDXcodeProjectFile */,
			);
		};
/* End PBXProject section */

/* Begin PBXSourcesBuildPhase section */
		B42754D115814C3A00328308 /* Sources */ = {
			isa = PBXSourcesBuildPhase;
			buildActionMask = 2147483647;
			files = (
				B4F70C4C15FB7939008C44DB /* DDXcodeProjectFile.m in Sources */,
				B4F70C4D15FB7939008C44DB /* DDXcodeProjectFileMain.m in Sources */,
			);
			runOnlyForDeploymentPostprocessing = 0;
		};
/* End PBXSourcesBuildPhase section */

/* Begin XCBuildConfiguration section */
		B42754E215814C3A00328308 /* Debug */ = {
			isa = XCBuildConfiguration;
			buildSettings = {
				ALWAYS_SEARCH_USER_PATHS = NO;
				ARCHS = "$(ARCHS_STANDARD_64_BIT)";
				CLANG_ENABLE_OBJC_ARC = YES;
				COPY_PHASE_STRIP = NO;
				GCC_C_LANGUAGE_STANDARD = gnu99;
				GCC_DYNAMIC_NO_PIC = NO;
				GCC_ENABLE_OBJC_EXCEPTIONS = YES;
				GCC_OPTIMIZATION_LEVEL = 0;
				GCC_PREPROCESSOR_DEFINITIONS = (
					"DEBUG=1",
					"$(inherited)",
				);
				GCC_SYMBOLS_PRIVATE_EXTERN = NO;
				GCC_VERSION = com.apple.compilers.llvm.clang.1_0;
				GCC_WARN_64_TO_32_BIT_CONVERSION = YES;
				GCC_WARN_ABOUT_RETURN_TYPE = YES;
				GCC_WARN_UNINITIALIZED_AUTOS = YES;
				GCC_WARN_UNUSED_VARIABLE = YES;
				MACOSX_DEPLOYMENT_TARGET = 10.7;
				ONLY_ACTIVE_ARCH = YES;
				SDKROOT = macosx;
			};
			name = Debug;
		};
		B42754E315814C3A00328308 /* Release */ = {
			isa = XCBuildConfiguration;
			buildSettings = {
				ALWAYS_SEARCH_USER_PATHS = NO;
				ARCHS = "$(ARCHS_STANDARD_64_BIT)";
				CLANG_ENABLE_OBJC_ARC = YES;
				COPY_PHASE_STRIP = YES;
				DEBUG_INFORMATION_FORMAT = "dwarf-with-dsym";
				GCC_C_LANGUAGE_STANDARD = gnu99;
				GCC_ENABLE_OBJC_EXCEPTIONS = YES;
				GCC_VERSION = com.apple.compilers.llvm.clang.1_0;
				GCC_WARN_64_TO_32_BIT_CONVERSION = YES;
				GCC_WARN_ABOUT_RETURN_TYPE = YES;
				GCC_WARN_UNINITIALIZED_AUTOS = YES;
				GCC_WARN_UNUSED_VARIABLE = YES;
				MACOSX_DEPLOYMENT_TARGET = 10.7;
				SDKROOT = macosx;
			};
			name = Release;
		};
		B42754E515814C3A00328308 /* Debug */ = {
			isa = XCBuildConfiguration;
			buildSettings = {
				PRODUCT_NAME = DDXcodeProjectFile;
			};
			name = Debug;
		};
		B42754E615814C3A00328308 /* Release */ = {
			isa = XCBuildConfiguration;
			buildSettings = {
				PRODUCT_NAME = DDXcodeProjectFile;
			};
			name = Release;
		};
/* End XCBuildConfiguration section */

/* Begin XCConfigurationList section */
		B42754CF15814C3A00328308 /* Build configuration list for PBXProject "DDXcodeProjectFile" */ = {
			isa = XCConfigurationList;
			buildConfigurations = (
				B42754E215814C3A00328308 /* Debug */,
				B42754E315814C3A00328308 /* Release */,
			);
			defaultConfigurationIsVisible = 0;
			defaultConfigurationName = Release;
		};
		B42754E415814C3A00328308 /* Build configuration list for PBXNativeTarget "DDXcodeProjectFile" */ = {
			isa = XCConfigurationList;
			buildConfigurations = (
				B42754E515814C3A00328308 /* Debug */,
				B42754E615814C3A00328308 /* Release */,
			);
			defaultConfigurationIsVisible = 0;
			defaultConfigurationName = Release;
		};
/* End XCConfigurationList section */
	};
	rootObject = B42754CC15814C3A00328308 /* Project object */;
}
