// !$*UTF8*$!
{
	archiveVersion = 1;
	classes = {
	};
	objectVersion = 46;
	objects = {

/* Begin PBXBuildFile section */
		B42754DA15814C3A00328308 /* Foundation.framework in Frameworks */ = {isa = PBXBuildFile; fileRef = B42754D915814C3A00328308 /* Foundation.framework */; };
		B42754EB15814C8C00328308 /* DDASLQueryMain.m in Sources */ = {isa = PBXBuildFile; fileRef = B42754E815814C8C00328308 /* DDASLQueryMain.m */; };
		B42754EC15814C8C00328308 /* DDASLQuery.m in Sources */ = {isa = PBXBuildFile; fileRef = B42754EA15814C8C00328308 /* DDASLQuery.m */; };
		B43C61641602011E00977E34 /* Cocoa.framework in Frameworks */ = {isa = PBXBuildFile; fileRef = B43C61631602011E00977E34 /* Cocoa.framework */; };
		B43C616E1602011E00977E34 /* InfoPlist.strings in Resources */ = {isa = PBXBuildFile; fileRef = B43C616C1602011E00977E34 /* InfoPlist.strings */; };
		B43C61701602011E00977E34 /* main.m in Sources */ = {isa = PBXBuildFile; fileRef = B43C616F1602011E00977E34 /* main.m */; };
		B43C61741602011E00977E34 /* Credits.rtf in Resources */ = {isa = PBXBuildFile; fileRef = B43C61721602011E00977E34 /* Credits.rtf */; };
		B43C61771602011E00977E34 /* DDAppDelegate.m in Sources */ = {isa = PBXBuildFile; fileRef = B43C61761602011E00977E34 /* DDAppDelegate.m */; };
		B43C617A1602011E00977E34 /* MainMenu.xib in Resources */ = {isa = PBXBuildFile; fileRef = B43C61781602011E00977E34 /* MainMenu.xib */; };
		B43C617F160201A400977E34 /* DDASLQuery.m in Sources */ = {isa = PBXBuildFile; fileRef = B42754EA15814C8C00328308 /* DDASLQuery.m */; };
/* End PBXBuildFile section */

/* Begin PBXCopyFilesBuildPhase section */
		B42754D315814C3A00328308 /* CopyFiles */ = {
			isa = PBXCopyFilesBuildPhase;
			buildActionMask = 2147483647;
			dstPath = /usr/share/man/man1/;
			dstSubfolderSpec = 0;
			files = (
			);
			runOnlyForDeploymentPostprocessing = 1;
		};
/* End PBXCopyFilesBuildPhase section */

/* Begin PBXFileReference section */
		B42754D515814C3A00328308 /* DDASLQuery */ = {isa = PBXFileReference; explicitFileType = "compiled.mach-o.executable"; includeInIndex = 0; path = DDASLQuery; sourceTree = BUILT_PRODUCTS_DIR; };
		B42754D915814C3A00328308 /* Foundation.framework */ = {isa = PBXFileReference; lastKnownFileType = wrapper.framework; name = Foundation.framework; path = System/Library/Frameworks/Foundation.framework; sourceTree = SDKROOT; };
		B42754E815814C8C00328308 /* DDASLQueryMain.m */ = {isa = PBXFileReference; fileEncoding = 4; lastKnownFileType = sourcecode.c.objc; path = DDASLQueryMain.m; sourceTree = "<group>"; };
		B42754E915814C8C00328308 /* DDASLQuery.h */ = {isa = PBXFileReference; fileEncoding = 4; lastKnownFileType = sourcecode.c.h; path = DDASLQuery.h; sourceTree = "<group>"; };
		B42754EA15814C8C00328308 /* DDASLQuery.m */ = {isa = PBXFileReference; fileEncoding = 4; lastKnownFileType = sourcecode.c.objc; path = DDASLQuery.m; sourceTree = "<group>"; };
		B43C61611602011E00977E34 /* SandboxedDemo.app */ = {isa = PBXFileReference; explicitFileType = wrapper.application; includeInIndex = 0; path = SandboxedDemo.app; sourceTree = BUILT_PRODUCTS_DIR; };
		B43C61631602011E00977E34 /* Cocoa.framework */ = {isa = PBXFileReference; lastKnownFileType = wrapper.framework; name = Cocoa.framework; path = System/Library/Frameworks/Cocoa.framework; sourceTree = SDKROOT; };
		B43C61661602011E00977E34 /* AppKit.framework */ = {isa = PBXFileReference; lastKnownFileType = wrapper.framework; name = AppKit.framework; path = System/Library/Frameworks/AppKit.framework; sourceTree = SDKROOT; };
		B43C61671602011E00977E34 /* CoreData.framework */ = {isa = PBXFileReference; lastKnownFileType = wrapper.framework; name = CoreData.framework; path = System/Library/Frameworks/CoreData.framework; sourceTree = SDKROOT; };
		B43C61681602011E00977E34 /* Foundation.framework */ = {isa = PBXFileReference; lastKnownFileType = wrapper.framework; name = Foundation.framework; path = System/Library/Frameworks/Foundation.framework; sourceTree = SDKROOT; };
		B43C616B1602011E00977E34 /* SandboxedDemo-Info.plist */ = {isa = PBXFileReference; lastKnownFileType = text.plist.xml; path = "SandboxedDemo-Info.plist"; sourceTree = "<group>"; };
		B43C616D1602011E00977E34 /* en */ = {isa = PBXFileReference; lastKnownFileType = text.plist.strings; name = en; path = en.lproj/InfoPlist.strings; sourceTree = "<group>"; };
		B43C616F1602011E00977E34 /* main.m */ = {isa = PBXFileReference; lastKnownFileType = sourcecode.c.objc; path = main.m; sourceTree = "<group>"; };
		B43C61711602011E00977E34 /* SandboxedDemo-Prefix.pch */ = {isa = PBXFileReference; lastKnownFileType = sourcecode.c.h; path = "SandboxedDemo-Prefix.pch"; sourceTree = "<group>"; };
		B43C61731602011E00977E34 /* en */ = {isa = PBXFileReference; lastKnownFileType = text.rtf; name = en; path = en.lproj/Credits.rtf; sourceTree = "<group>"; };
		B43C61751602011E00977E34 /* DDAppDelegate.h */ = {isa = PBXFileReference; lastKnownFileType = sourcecode.c.h; path = DDAppDelegate.h; sourceTree = "<group>"; };
		B43C61761602011E00977E34 /* DDAppDelegate.m */ = {isa = PBXFileReference; lastKnownFileType = sourcecode.c.objc; path = DDAppDelegate.m; sourceTree = "<group>"; };
		B43C61791602011E00977E34 /* en */ = {isa = PBXFileReference; lastKnownFileType = file.xib; name = en; path = en.lproj/MainMenu.xib; sourceTree = "<group>"; };
		B43C61801602039B00977E34 /* SandboxedDemo.entitlements */ = {isa = PBXFileReference; lastKnownFileType = text.xml; path = SandboxedDemo.entitlements; sourceTree = "<group>"; };
/* End PBXFileReference section */

/* Begin PBXFrameworksBuildPhase section */
		B42754D215814C3A00328308 /* Frameworks */ = {
			isa = PBXFrameworksBuildPhase;
			buildActionMask = 2147483647;
			files = (
				B42754DA15814C3A00328308 /* Foundation.framework in Frameworks */,
			);
			runOnlyForDeploymentPostprocessing = 0;
		};
		B43C615E1602011E00977E34 /* Frameworks */ = {
			isa = PBXFrameworksBuildPhase;
			buildActionMask = 2147483647;
			files = (
				B43C61641602011E00977E34 /* Cocoa.framework in Frameworks */,
			);
			runOnlyForDeploymentPostprocessing = 0;
		};
/* End PBXFrameworksBuildPhase section */

/* Begin PBXGroup section */
		B42754CA15814C3A00328308 = {
			isa = PBXGroup;
			children = (
				B42754E715814C8C00328308 /* DDASLQuery */,
				B43C61691602011E00977E34 /* SandboxedDemo */,
				B42754D815814C3A00328308 /* Frameworks */,
				B42754D615814C3A00328308 /* Products */,
			);
			sourceTree = "<group>";
		};
		B42754D615814C3A00328308 /* Products */ = {
			isa = PBXGroup;
			children = (
				B42754D515814C3A00328308 /* DDASLQuery */,
				B43C61611602011E00977E34 /* SandboxedDemo.app */,
			);
			name = Products;
			sourceTree = "<group>";
		};
		B42754D815814C3A00328308 /* Frameworks */ = {
			isa = PBXGroup;
			children = (
				B42754D915814C3A00328308 /* Foundation.framework */,
				B43C61631602011E00977E34 /* Cocoa.framework */,
				B43C61651602011E00977E34 /* Other Frameworks */,
			);
			name = Frameworks;
			sourceTree = "<group>";
		};
		B42754E715814C8C00328308 /* DDASLQuery */ = {
			isa = PBXGroup;
			children = (
				B42754E815814C8C00328308 /* DDASLQueryMain.m */,
				B42754E915814C8C00328308 /* DDASLQuery.h */,
				B42754EA15814C8C00328308 /* DDASLQuery.m */,
			);
			path = DDASLQuery;
			sourceTree = "<group>";
		};
		B43C61651602011E00977E34 /* Other Frameworks */ = {
			isa = PBXGroup;
			children = (
				B43C61661602011E00977E34 /* AppKit.framework */,
				B43C61671602011E00977E34 /* CoreData.framework */,
				B43C61681602011E00977E34 /* Foundation.framework */,
			);
			name = "Other Frameworks";
			sourceTree = "<group>";
		};
		B43C61691602011E00977E34 /* SandboxedDemo */ = {
			isa = PBXGroup;
			children = (
				B43C61801602039B00977E34 /* SandboxedDemo.entitlements */,
				B43C61751602011E00977E34 /* DDAppDelegate.h */,
				B43C61761602011E00977E34 /* DDAppDelegate.m */,
				B43C61781602011E00977E34 /* MainMenu.xib */,
				B43C616A1602011E00977E34 /* Supporting Files */,
			);
			path = SandboxedDemo;
			sourceTree = "<group>";
		};
		B43C616A1602011E00977E34 /* Supporting Files */ = {
			isa = PBXGroup;
			children = (
				B43C616B1602011E00977E34 /* SandboxedDemo-Info.plist */,
				B43C616C1602011E00977E34 /* InfoPlist.strings */,
				B43C616F1602011E00977E34 /* main.m */,
				B43C61711602011E00977E34 /* SandboxedDemo-Prefix.pch */,
				B43C61721602011E00977E34 /* Credits.rtf */,
			);
			name = "Supporting Files";
			sourceTree = "<group>";
		};
/* End PBXGroup section */

/* Begin PBXNativeTarget section */
		B42754D415814C3A00328308 /* DDASLQuery */ = {
			isa = PBXNativeTarget;
			buildConfigurationList = B42754E415814C3A00328308 /* Build configuration list for PBXNativeTarget "DDASLQuery" */;
			buildPhases = (
				B42754D115814C3A00328308 /* Sources */,
				B42754D215814C3A00328308 /* Frameworks */,
				B42754D315814C3A00328308 /* CopyFiles */,
			);
			buildRules = (
			);
			dependencies = (
			);
			name = DDASLQuery;
			productName = M42ASLQuery;
			productReference = B42754D515814C3A00328308 /* DDASLQuery */;
			productType = "com.apple.product-type.tool";
		};
		B43C61601602011E00977E34 /* SandboxedDemo */ = {
			isa = PBXNativeTarget;
			buildConfigurationList = B43C617D1602011E00977E34 /* Build configuration list for PBXNativeTarget "SandboxedDemo" */;
			buildPhases = (
				B43C615D1602011E00977E34 /* Sources */,
				B43C615E1602011E00977E34 /* Frameworks */,
				B43C615F1602011E00977E34 /* Resources */,
			);
			buildRules = (
			);
			dependencies = (
			);
			name = SandboxedDemo;
			productName = SandboxedDemo;
			productReference = B43C61611602011E00977E34 /* SandboxedDemo.app */;
			productType = "com.apple.product-type.application";
		};
/* End PBXNativeTarget section */

/* Begin PBXProject section */
		B42754CC15814C3A00328308 /* Project object */ = {
			isa = PBXProject;
			attributes = {
				LastUpgradeCheck = 0430;
				ORGANIZATIONNAME = "doo GmbH";
			};
			buildConfigurationList = B42754CF15814C3A00328308 /* Build configuration list for PBXProject "DDASLQuery" */;
			compatibilityVersion = "Xcode 3.2";
			developmentRegion = English;
			hasScannedForEncodings = 0;
			knownRegions = (
				en,
			);
			mainGroup = B42754CA15814C3A00328308;
			productRefGroup = B42754D615814C3A00328308 /* Products */;
			projectDirPath = "";
			projectRoot = "";
			targets = (
				B42754D415814C3A00328308 /* DDASLQuery */,
				B43C61601602011E00977E34 /* SandboxedDemo */,
			);
		};
/* End PBXProject section */

/* Begin PBXResourcesBuildPhase section */
		B43C615F1602011E00977E34 /* Resources */ = {
			isa = PBXResourcesBuildPhase;
			buildActionMask = 2147483647;
			files = (
				B43C616E1602011E00977E34 /* InfoPlist.strings in Resources */,
				B43C61741602011E00977E34 /* Credits.rtf in Resources */,
				B43C617A1602011E00977E34 /* MainMenu.xib in Resources */,
			);
			runOnlyForDeploymentPostprocessing = 0;
		};
/* End PBXResourcesBuildPhase section */

/* Begin PBXSourcesBuildPhase section */
		B42754D115814C3A00328308 /* Sources */ = {
			isa = PBXSourcesBuildPhase;
			buildActionMask = 2147483647;
			files = (
				B42754EB15814C8C00328308 /* DDASLQueryMain.m in Sources */,
				B42754EC15814C8C00328308 /* DDASLQuery.m in Sources */,
			);
			runOnlyForDeploymentPostprocessing = 0;
		};
		B43C615D1602011E00977E34 /* Sources */ = {
			isa = PBXSourcesBuildPhase;
			buildActionMask = 2147483647;
			files = (
				B43C61701602011E00977E34 /* main.m in Sources */,
				B43C61771602011E00977E34 /* DDAppDelegate.m in Sources */,
				B43C617F160201A400977E34 /* DDASLQuery.m in Sources */,
			);
			runOnlyForDeploymentPostprocessing = 0;
		};
/* End PBXSourcesBuildPhase section */

/* Begin PBXVariantGroup section */
		B43C616C1602011E00977E34 /* InfoPlist.strings */ = {
			isa = PBXVariantGroup;
			children = (
				B43C616D1602011E00977E34 /* en */,
			);
			name = InfoPlist.strings;
			sourceTree = "<group>";
		};
		B43C61721602011E00977E34 /* Credits.rtf */ = {
			isa = PBXVariantGroup;
			children = (
				B43C61731602011E00977E34 /* en */,
			);
			name = Credits.rtf;
			sourceTree = "<group>";
		};
		B43C61781602011E00977E34 /* MainMenu.xib */ = {
			isa = PBXVariantGroup;
			children = (
				B43C61791602011E00977E34 /* en */,
			);
			name = MainMenu.xib;
			sourceTree = "<group>";
		};
/* End PBXVariantGroup section */

/* Begin XCBuildConfiguration section */
		B42754E215814C3A00328308 /* Debug */ = {
			isa = XCBuildConfiguration;
			buildSettings = {
				ALWAYS_SEARCH_USER_PATHS = NO;
				ARCHS = "$(ARCHS_STANDARD_64_BIT)";
				CLANG_ENABLE_OBJC_ARC = YES;
				COPY_PHASE_STRIP = NO;
				GCC_C_LANGUAGE_STANDARD = gnu99;
				GCC_DYNAMIC_NO_PIC = NO;
				GCC_ENABLE_OBJC_EXCEPTIONS = YES;
				GCC_OPTIMIZATION_LEVEL = 0;
				GCC_PREPROCESSOR_DEFINITIONS = (
					"DEBUG=1",
					"$(inherited)",
				);
				GCC_SYMBOLS_PRIVATE_EXTERN = NO;
				GCC_VERSION = com.apple.compilers.llvm.clang.1_0;
				GCC_WARN_64_TO_32_BIT_CONVERSION = YES;
				GCC_WARN_ABOUT_RETURN_TYPE = YES;
				GCC_WARN_UNINITIALIZED_AUTOS = YES;
				GCC_WARN_UNUSED_VARIABLE = YES;
				MACOSX_DEPLOYMENT_TARGET = 10.7;
				ONLY_ACTIVE_ARCH = YES;
				SDKROOT = macosx;
			};
			name = Debug;
		};
		B42754E315814C3A00328308 /* Release */ = {
			isa = XCBuildConfiguration;
			buildSettings = {
				ALWAYS_SEARCH_USER_PATHS = NO;
				ARCHS = "$(ARCHS_STANDARD_64_BIT)";
				CLANG_ENABLE_OBJC_ARC = YES;
				COPY_PHASE_STRIP = YES;
				DEBUG_INFORMATION_FORMAT = "dwarf-with-dsym";
				GCC_C_LANGUAGE_STANDARD = gnu99;
				GCC_ENABLE_OBJC_EXCEPTIONS = YES;
				GCC_VERSION = com.apple.compilers.llvm.clang.1_0;
				GCC_WARN_64_TO_32_BIT_CONVERSION = YES;
				GCC_WARN_ABOUT_RETURN_TYPE = YES;
				GCC_WARN_UNINITIALIZED_AUTOS = YES;
				GCC_WARN_UNUSED_VARIABLE = YES;
				MACOSX_DEPLOYMENT_TARGET = 10.7;
				SDKROOT = macosx;
			};
			name = Release;
		};
		B42754E515814C3A00328308 /* Debug */ = {
			isa = XCBuildConfiguration;
			buildSettings = {
				PRODUCT_NAME = DDASLQuery;
			};
			name = Debug;
		};
		B42754E615814C3A00328308 /* Release */ = {
			isa = XCBuildConfiguration;
			buildSettings = {
				PRODUCT_NAME = DDASLQuery;
			};
			name = Release;
		};
		B43C617B1602011E00977E34 /* Debug */ = {
			isa = XCBuildConfiguration;
			buildSettings = {
				CLANG_CXX_LANGUAGE_STANDARD = "gnu++0x";
				CLANG_CXX_LIBRARY = "libc++";
				CLANG_WARN__DUPLICATE_METHOD_MATCH = YES;
				CODE_SIGN_ENTITLEMENTS = SandboxedDemo/SandboxedDemo.entitlements;
				CODE_SIGN_IDENTITY = "Mac Developer";
				COMBINE_HIDPI_IMAGES = YES;
				GCC_PRECOMPILE_PREFIX_HEADER = YES;
				GCC_PREFIX_HEADER = "SandboxedDemo/SandboxedDemo-Prefix.pch";
				INFOPLIST_FILE = "SandboxedDemo/SandboxedDemo-Info.plist";
				MACOSX_DEPLOYMENT_TARGET = 10.8;
				PRODUCT_NAME = "$(TARGET_NAME)";
				WRAPPER_EXTENSION = app;
			};
			name = Debug;
		};
		B43C617C1602011E00977E34 /* Release */ = {
			isa = XCBuildConfiguration;
			buildSettings = {
				CLANG_CXX_LANGUAGE_STANDARD = "gnu++0x";
				CLANG_CXX_LIBRARY = "libc++";
				CLANG_WARN__DUPLICATE_METHOD_MATCH = YES;
				CODE_SIGN_ENTITLEMENTS = SandboxedDemo/SandboxedDemo.entitlements;
				CODE_SIGN_IDENTITY = "Mac Developer";
				COMBINE_HIDPI_IMAGES = YES;
				GCC_PRECOMPILE_PREFIX_HEADER = YES;
				GCC_PREFIX_HEADER = "SandboxedDemo/SandboxedDemo-Prefix.pch";
				INFOPLIST_FILE = "SandboxedDemo/SandboxedDemo-Info.plist";
				MACOSX_DEPLOYMENT_TARGET = 10.8;
				PRODUCT_NAME = "$(TARGET_NAME)";
				WRAPPER_EXTENSION = app;
			};
			name = Release;
		};
/* End XCBuildConfiguration section */

/* Begin XCConfigurationList section */
		B42754CF15814C3A00328308 /* Build configuration list for PBXProject "DDASLQuery" */ = {
			isa = XCConfigurationList;
			buildConfigurations = (
				B42754E215814C3A00328308 /* Debug */,
				B42754E315814C3A00328308 /* Release */,
			);
			defaultConfigurationIsVisible = 0;
			defaultConfigurationName = Release;
		};
		B42754E415814C3A00328308 /* Build configuration list for PBXNativeTarget "DDASLQuery" */ = {
			isa = XCConfigurationList;
			buildConfigurations = (
				B42754E515814C3A00328308 /* Debug */,
				B42754E615814C3A00328308 /* Release */,
			);
			defaultConfigurationIsVisible = 0;
			defaultConfigurationName = Release;
		};
		B43C617D1602011E00977E34 /* Build configuration list for PBXNativeTarget "SandboxedDemo" */ = {
			isa = XCConfigurationList;
			buildConfigurations = (
				B43C617B1602011E00977E34 /* Debug */,
				B43C617C1602011E00977E34 /* Release */,
			);
			defaultConfigurationIsVisible = 0;
		};
/* End XCConfigurationList section */
	};
	rootObject = B42754CC15814C3A00328308 /* Project object */;
}
