// !$*UTF8*$!
{
	archiveVersion = 1;
	classes = {
	};
	objectVersion = 46;
	objects = {

/* Begin PBXBuildFile section */
		B4829B1815FE387B009FFA28 /* Cocoa.framework in Frameworks */ = {isa = PBXBuildFile; fileRef = B4829B1715FE387B009FFA28 /* Cocoa.framework */; };
		B4829B4415FE3894009FFA28 /* DDAppDelegate.m in Sources */ = {isa = PBXBuildFile; fileRef = B4829B3815FE3894009FFA28 /* DDAppDelegate.m */; };
		B4829B4515FE3894009FFA28 /* DDRecentItemsManagerDemo-Info.plist in Resources */ = {isa = PBXBuildFile; fileRef = B4829B3915FE3894009FFA28 /* DDRecentItemsManagerDemo-Info.plist */; };
		B4829B4615FE3894009FFA28 /* Credits.rtf in Resources */ = {isa = PBXBuildFile; fileRef = B4829B3B15FE3894009FFA28 /* Credits.rtf */; };
		B4829B4715FE3894009FFA28 /* InfoPlist.strings in Resources */ = {isa = PBXBuildFile; fileRef = B4829B3D15FE3894009FFA28 /* InfoPlist.strings */; };
		B4829B4815FE3894009FFA28 /* MainMenu.xib in Resources */ = {isa = PBXBuildFile; fileRef = B4829B3F15FE3894009FFA28 /* MainMenu.xib */; };
		B4829B4915FE3894009FFA28 /* main.m in Sources */ = {isa = PBXBuildFile; fileRef = B4829B4115FE3894009FFA28 /* main.m */; };
		B4829B4C15FE38AB009FFA28 /* DDRecentItemsManager.m in Sources */ = {isa = PBXBuildFile; fileRef = B4829B4B15FE38AB009FFA28 /* DDRecentItemsManager.m */; };
/* End PBXBuildFile section */

/* Begin PBXFileReference section */
		B42754D915814C3A00328308 /* Foundation.framework */ = {isa = PBXFileReference; lastKnownFileType = wrapper.framework; name = Foundation.framework; path = System/Library/Frameworks/Foundation.framework; sourceTree = SDKROOT; };
		B4829B1515FE387B009FFA28 /* DDRecentItemsManagerDemo.app */ = {isa = PBXFileReference; explicitFileType = wrapper.application; includeInIndex = 0; path = DDRecentItemsManagerDemo.app; sourceTree = BUILT_PRODUCTS_DIR; };
		B4829B1715FE387B009FFA28 /* Cocoa.framework */ = {isa = PBXFileReference; lastKnownFileType = wrapper.framework; name = Cocoa.framework; path = System/Library/Frameworks/Cocoa.framework; sourceTree = SDKROOT; };
		B4829B1A15FE387B009FFA28 /* AppKit.framework */ = {isa = PBXFileReference; lastKnownFileType = wrapper.framework; name = AppKit.framework; path = System/Library/Frameworks/AppKit.framework; sourceTree = SDKROOT; };
		B4829B1B15FE387B009FFA28 /* CoreData.framework */ = {isa = PBXFileReference; lastKnownFileType = wrapper.framework; name = CoreData.framework; path = System/Library/Frameworks/CoreData.framework; sourceTree = SDKROOT; };
		B4829B1C15FE387B009FFA28 /* Foundation.framework */ = {isa = PBXFileReference; lastKnownFileType = wrapper.framework; name = Foundation.framework; path = System/Library/Frameworks/Foundation.framework; sourceTree = SDKROOT; };
		B4829B3715FE3894009FFA28 /* DDAppDelegate.h */ = {isa = PBXFileReference; fileEncoding = 4; lastKnownFileType = sourcecode.c.h; path = DDAppDelegate.h; sourceTree = "<group>"; };
		B4829B3815FE3894009FFA28 /* DDAppDelegate.m */ = {isa = PBXFileReference; fileEncoding = 4; lastKnownFileType = sourcecode.c.objc; path = DDAppDelegate.m; sourceTree = "<group>"; };
		B4829B3915FE3894009FFA28 /* DDRecentItemsManagerDemo-Info.plist */ = {isa = PBXFileReference; fileEncoding = 4; lastKnownFileType = text.plist.xml; path = "DDRecentItemsManagerDemo-Info.plist"; sourceTree = "<group>"; };
		B4829B3A15FE3894009FFA28 /* DDRecentItemsManagerDemo-Prefix.pch */ = {isa = PBXFileReference; fileEncoding = 4; lastKnownFileType = sourcecode.c.h; path = "DDRecentItemsManagerDemo-Prefix.pch"; sourceTree = "<group>"; };
		B4829B3C15FE3894009FFA28 /* en */ = {isa = PBXFileReference; lastKnownFileType = text.rtf; name = en; path = en.lproj/Credits.rtf; sourceTree = "<group>"; };
		B4829B3E15FE3894009FFA28 /* en */ = {isa = PBXFileReference; lastKnownFileType = text.plist.strings; name = en; path = en.lproj/InfoPlist.strings; sourceTree = "<group>"; };
		B4829B4015FE3894009FFA28 /* en */ = {isa = PBXFileReference; lastKnownFileType = file.xib; name = en; path = en.lproj/MainMenu.xib; sourceTree = "<group>"; };
		B4829B4115FE3894009FFA28 /* main.m */ = {isa = PBXFileReference; fileEncoding = 4; lastKnownFileType = sourcecode.c.objc; path = main.m; sourceTree = "<group>"; };
		B4829B4A15FE38AB009FFA28 /* DDRecentItemsManager.h */ = {isa = PBXFileReference; fileEncoding = 4; lastKnownFileType = sourcecode.c.h; path = DDRecentItemsManager.h; sourceTree = "<group>"; };
		B4829B4B15FE38AB009FFA28 /* DDRecentItemsManager.m */ = {isa = PBXFileReference; fileEncoding = 4; lastKnownFileType = sourcecode.c.objc; path = DDRecentItemsManager.m; sourceTree = "<group>"; };
/* End PBXFileReference section */

/* Begin PBXFrameworksBuildPhase section */
		B4829B1215FE387B009FFA28 /* Frameworks */ = {
			isa = PBXFrameworksBuildPhase;
			buildActionMask = 2147483647;
			files = (
				B4829B1815FE387B009FFA28 /* Cocoa.framework in Frameworks */,
			);
			runOnlyForDeploymentPostprocessing = 0;
		};
/* End PBXFrameworksBuildPhase section */

/* Begin PBXGroup section */
		B42754CA15814C3A00328308 = {
			isa = PBXGroup;
			children = (
				B4A9501915FE382E003A67C3 /* DDRecentItemsManager */,
				B4829B3215FE3894009FFA28 /* DDRecentItemsManagerDemo */,
				B42754D815814C3A00328308 /* Frameworks */,
				B42754D615814C3A00328308 /* Products */,
			);
			sourceTree = "<group>";
		};
		B42754D615814C3A00328308 /* Products */ = {
			isa = PBXGroup;
			children = (
				B4829B1515FE387B009FFA28 /* DDRecentItemsManagerDemo.app */,
			);
			name = Products;
			sourceTree = "<group>";
		};
		B42754D815814C3A00328308 /* Frameworks */ = {
			isa = PBXGroup;
			children = (
				B42754D915814C3A00328308 /* Foundation.framework */,
				B4829B1715FE387B009FFA28 /* Cocoa.framework */,
				B4829B1915FE387B009FFA28 /* Other Frameworks */,
			);
			name = Frameworks;
			sourceTree = "<group>";
		};
		B4829B1915FE387B009FFA28 /* Other Frameworks */ = {
			isa = PBXGroup;
			children = (
				B4829B1A15FE387B009FFA28 /* AppKit.framework */,
				B4829B1B15FE387B009FFA28 /* CoreData.framework */,
				B4829B1C15FE387B009FFA28 /* Foundation.framework */,
			);
			name = "Other Frameworks";
			sourceTree = "<group>";
		};
		B4829B3215FE3894009FFA28 /* DDRecentItemsManagerDemo */ = {
			isa = PBXGroup;
			children = (
				B4829B3715FE3894009FFA28 /* DDAppDelegate.h */,
				B4829B3815FE3894009FFA28 /* DDAppDelegate.m */,
				B4829B3915FE3894009FFA28 /* DDRecentItemsManagerDemo-Info.plist */,
				B4829B3A15FE3894009FFA28 /* DDRecentItemsManagerDemo-Prefix.pch */,
				B4829B3B15FE3894009FFA28 /* Credits.rtf */,
				B4829B3D15FE3894009FFA28 /* InfoPlist.strings */,
				B4829B3F15FE3894009FFA28 /* MainMenu.xib */,
				B4829B4115FE3894009FFA28 /* main.m */,
			);
			path = DDRecentItemsManagerDemo;
			sourceTree = "<group>";
		};
		B4A9501915FE382E003A67C3 /* DDRecentItemsManager */ = {
			isa = PBXGroup;
			children = (
				B4829B4A15FE38AB009FFA28 /* DDRecentItemsManager.h */,
				B4829B4B15FE38AB009FFA28 /* DDRecentItemsManager.m */,
			);
			path = DDRecentItemsManager;
			sourceTree = "<group>";
		};
/* End PBXGroup section */

/* Begin PBXNativeTarget section */
		B4829B1415FE387B009FFA28 /* DDRecentItemsManagerDemo */ = {
			isa = PBXNativeTarget;
			buildConfigurationList = B4829B2F15FE387B009FFA28 /* Build configuration list for PBXNativeTarget "DDRecentItemsManagerDemo" */;
			buildPhases = (
				B4829B1115FE387B009FFA28 /* Sources */,
				B4829B1215FE387B009FFA28 /* Frameworks */,
				B4829B1315FE387B009FFA28 /* Resources */,
			);
			buildRules = (
			);
			dependencies = (
			);
			name = DDRecentItemsManagerDemo;
			productName = DDRecentItemsManagerDemo;
			productReference = B4829B1515FE387B009FFA28 /* DDRecentItemsManagerDemo.app */;
			productType = "com.apple.product-type.application";
		};
/* End PBXNativeTarget section */

/* Begin PBXProject section */
		B42754CC15814C3A00328308 /* Project object */ = {
			isa = PBXProject;
			attributes = {
				LastUpgradeCheck = 0430;
				ORGANIZATIONNAME = "doo GmbH";
			};
			buildConfigurationList = B42754CF15814C3A00328308 /* Build configuration list for PBXProject "DDRecentItemsManager" */;
			compatibilityVersion = "Xcode 3.2";
			developmentRegion = English;
			hasScannedForEncodings = 0;
			knownRegions = (
				en,
			);
			mainGroup = B42754CA15814C3A00328308;
			productRefGroup = B42754D615814C3A00328308 /* Products */;
			projectDirPath = "";
			projectRoot = "";
			targets = (
				B4829B1415FE387B009FFA28 /* DDRecentItemsManagerDemo */,
			);
		};
/* End PBXProject section */

/* Begin PBXResourcesBuildPhase section */
		B4829B1315FE387B009FFA28 /* Resources */ = {
			isa = PBXResourcesBuildPhase;
			buildActionMask = 2147483647;
			files = (
				B4829B4515FE3894009FFA28 /* DDRecentItemsManagerDemo-Info.plist in Resources */,
				B4829B4615FE3894009FFA28 /* Credits.rtf in Resources */,
				B4829B4715FE3894009FFA28 /* InfoPlist.strings in Resources */,
				B4829B4815FE3894009FFA28 /* MainMenu.xib in Resources */,
			);
			runOnlyForDeploymentPostprocessing = 0;
		};
/* End PBXResourcesBuildPhase section */

/* Begin PBXSourcesBuildPhase section */
		B4829B1115FE387B009FFA28 /* Sources */ = {
			isa = PBXSourcesBuildPhase;
			buildActionMask = 2147483647;
			files = (
				B4829B4415FE3894009FFA28 /* DDAppDelegate.m in Sources */,
				B4829B4915FE3894009FFA28 /* main.m in Sources */,
				B4829B4C15FE38AB009FFA28 /* DDRecentItemsManager.m in Sources */,
			);
			runOnlyForDeploymentPostprocessing = 0;
		};
/* End PBXSourcesBuildPhase section */

/* Begin PBXVariantGroup section */
		B4829B3B15FE3894009FFA28 /* Credits.rtf */ = {
			isa = PBXVariantGroup;
			children = (
				B4829B3C15FE3894009FFA28 /* en */,
			);
			name = Credits.rtf;
			sourceTree = "<group>";
		};
		B4829B3D15FE3894009FFA28 /* InfoPlist.strings */ = {
			isa = PBXVariantGroup;
			children = (
				B4829B3E15FE3894009FFA28 /* en */,
			);
			name = InfoPlist.strings;
			sourceTree = "<group>";
		};
		B4829B3F15FE3894009FFA28 /* MainMenu.xib */ = {
			isa = PBXVariantGroup;
			children = (
				B4829B4015FE3894009FFA28 /* en */,
			);
			name = MainMenu.xib;
			sourceTree = "<group>";
		};
/* End PBXVariantGroup section */

/* Begin XCBuildConfiguration section */
		B42754E215814C3A00328308 /* Debug */ = {
			isa = XCBuildConfiguration;
			buildSettings = {
				ALWAYS_SEARCH_USER_PATHS = NO;
				ARCHS = "$(ARCHS_STANDARD_64_BIT)";
				CLANG_ENABLE_OBJC_ARC = YES;
				COPY_PHASE_STRIP = NO;
				GCC_C_LANGUAGE_STANDARD = gnu99;
				GCC_DYNAMIC_NO_PIC = NO;
				GCC_ENABLE_OBJC_EXCEPTIONS = YES;
				GCC_OPTIMIZATION_LEVEL = 0;
				GCC_PREPROCESSOR_DEFINITIONS = (
					"DEBUG=1",
					"$(inherited)",
				);
				GCC_SYMBOLS_PRIVATE_EXTERN = NO;
				GCC_VERSION = com.apple.compilers.llvm.clang.1_0;
				GCC_WARN_64_TO_32_BIT_CONVERSION = YES;
				GCC_WARN_ABOUT_RETURN_TYPE = YES;
				GCC_WARN_UNINITIALIZED_AUTOS = YES;
				GCC_WARN_UNUSED_VARIABLE = YES;
				MACOSX_DEPLOYMENT_TARGET = 10.7;
				ONLY_ACTIVE_ARCH = YES;
				SDKROOT = macosx;
			};
			name = Debug;
		};
		B42754E315814C3A00328308 /* Release */ = {
			isa = XCBuildConfiguration;
			buildSettings = {
				ALWAYS_SEARCH_USER_PATHS = NO;
				ARCHS = "$(ARCHS_STANDARD_64_BIT)";
				CLANG_ENABLE_OBJC_ARC = YES;
				COPY_PHASE_STRIP = YES;
				DEBUG_INFORMATION_FORMAT = "dwarf-with-dsym";
				GCC_C_LANGUAGE_STANDARD = gnu99;
				GCC_ENABLE_OBJC_EXCEPTIONS = YES;
				GCC_VERSION = com.apple.compilers.llvm.clang.1_0;
				GCC_WARN_64_TO_32_BIT_CONVERSION = YES;
				GCC_WARN_ABOUT_RETURN_TYPE = YES;
				GCC_WARN_UNINITIALIZED_AUTOS = YES;
				GCC_WARN_UNUSED_VARIABLE = YES;
				MACOSX_DEPLOYMENT_TARGET = 10.7;
				SDKROOT = macosx;
			};
			name = Release;
		};
		B4829B3015FE387B009FFA28 /* Debug */ = {
			isa = XCBuildConfiguration;
			buildSettings = {
				CLANG_CXX_LANGUAGE_STANDARD = "gnu++0x";
				CLANG_CXX_LIBRARY = "libc++";
				CLANG_WARN__DUPLICATE_METHOD_MATCH = YES;
				COMBINE_HIDPI_IMAGES = YES;
				GCC_PRECOMPILE_PREFIX_HEADER = YES;
				GCC_PREFIX_HEADER = "DDRecentItemsManagerDemo/DDRecentItemsManagerDemo-Prefix.pch";
				INFOPLIST_FILE = "DDRecentItemsManagerDemo/DDRecentItemsManagerDemo-Info.plist";
				MACOSX_DEPLOYMENT_TARGET = 10.8;
				PRODUCT_NAME = "$(TARGET_NAME)";
				WRAPPER_EXTENSION = app;
			};
			name = Debug;
		};
		B4829B3115FE387B009FFA28 /* Release */ = {
			isa = XCBuildConfiguration;
			buildSettings = {
				CLANG_CXX_LANGUAGE_STANDARD = "gnu++0x";
				CLANG_CXX_LIBRARY = "libc++";
				CLANG_WARN__DUPLICATE_METHOD_MATCH = YES;
				COMBINE_HIDPI_IMAGES = YES;
				GCC_PRECOMPILE_PREFIX_HEADER = YES;
				GCC_PREFIX_HEADER = "DDRecentItemsManagerDemo/DDRecentItemsManagerDemo-Prefix.pch";
				INFOPLIST_FILE = "DDRecentItemsManagerDemo/DDRecentItemsManagerDemo-Info.plist";
				MACOSX_DEPLOYMENT_TARGET = 10.8;
				PRODUCT_NAME = "$(TARGET_NAME)";
				WRAPPER_EXTENSION = app;
			};
			name = Release;
		};
/* End XCBuildConfiguration section */

/* Begin XCConfigurationList section */
		B42754CF15814C3A00328308 /* Build configuration list for PBXProject "DDRecentItemsManager" */ = {
			isa = XCConfigurationList;
			buildConfigurations = (
				B42754E215814C3A00328308 /* Debug */,
				B42754E315814C3A00328308 /* Release */,
			);
			defaultConfigurationIsVisible = 0;
			defaultConfigurationName = Release;
		};
		B4829B2F15FE387B009FFA28 /* Build configuration list for PBXNativeTarget "DDRecentItemsManagerDemo" */ = {
			isa = XCConfigurationList;
			buildConfigurations = (
				B4829B3015FE387B009FFA28 /* Debug */,
				B4829B3115FE387B009FFA28 /* Release */,
			);
			defaultConfigurationIsVisible = 0;
		};
/* End XCConfigurationList section */
	};
	rootObject = B42754CC15814C3A00328308 /* Project object */;
}
