// !$*UTF8*$!
{
	archiveVersion = 1;
	classes = {
	};
	objectVersion = 46;
	objects = {

/* Begin PBXBuildFile section */
		B32CD5CB16F5078C0002894E /* Foundation.framework in Frameworks */ = {isa = PBXBuildFile; fileRef = B32CD5CA16F5078C0002894E /* Foundation.framework */; };
		B32CD5CE16F5078C0002894E /* main.m in Sources */ = {isa = PBXBuildFile; fileRef = B32CD5CD16F5078C0002894E /* main.m */; };
		B32CD5DA16F509C10002894E /* NSOperation+UserInfo.m in Sources */ = {isa = PBXBuildFile; fileRef = B32CD5D916F509C10002894E /* NSOperation+UserInfo.m */; };
		B32CD5F116F515220002894E /* AFHTTPRequestOperation.m in Sources */ = {isa = PBXBuildFile; fileRef = B32CD5DF16F514E20002894E /* AFHTTPRequestOperation.m */; };
		B32CD5F216F515270002894E /* AFURLConnectionOperation.m in Sources */ = {isa = PBXBuildFile; fileRef = B32CD5EC16F514E20002894E /* AFURLConnectionOperation.m */; };
/* End PBXBuildFile section */

/* Begin PBXCopyFilesBuildPhase section */
		B32CD5C516F5078C0002894E /* CopyFiles */ = {
			isa = PBXCopyFilesBuildPhase;
			buildActionMask = 2147483647;
			dstPath = /usr/share/man/man1/;
			dstSubfolderSpec = 0;
			files = (
			);
			runOnlyForDeploymentPostprocessing = 1;
		};
/* End PBXCopyFilesBuildPhase section */

/* Begin PBXFileReference section */
		B32CD5C716F5078C0002894E /* NSOperationUserInfoDemo */ = {isa = PBXFileReference; explicitFileType = "compiled.mach-o.executable"; includeInIndex = 0; path = NSOperationUserInfoDemo; sourceTree = BUILT_PRODUCTS_DIR; };
		B32CD5CA16F5078C0002894E /* Foundation.framework */ = {isa = PBXFileReference; lastKnownFileType = wrapper.framework; name = Foundation.framework; path = System/Library/Frameworks/Foundation.framework; sourceTree = SDKROOT; };
		B32CD5CD16F5078C0002894E /* main.m */ = {isa = PBXFileReference; lastKnownFileType = sourcecode.c.objc; path = main.m; sourceTree = "<group>"; };
		B32CD5D816F509C10002894E /* NSOperation+UserInfo.h */ = {isa = PBXFileReference; fileEncoding = 4; lastKnownFileType = sourcecode.c.h; path = "NSOperation+UserInfo.h"; sourceTree = "<group>"; };
		B32CD5D916F509C10002894E /* NSOperation+UserInfo.m */ = {isa = PBXFileReference; fileEncoding = 4; lastKnownFileType = sourcecode.c.objc; path = "NSOperation+UserInfo.m"; sourceTree = "<group>"; };
		B32CD5DE16F514E20002894E /* AFHTTPRequestOperation.h */ = {isa = PBXFileReference; lastKnownFileType = sourcecode.c.h; path = AFHTTPRequestOperation.h; sourceTree = "<group>"; };
		B32CD5DF16F514E20002894E /* AFHTTPRequestOperation.m */ = {isa = PBXFileReference; lastKnownFileType = sourcecode.c.objc; path = AFHTTPRequestOperation.m; sourceTree = "<group>"; };
		B32CD5EB16F514E20002894E /* AFURLConnectionOperation.h */ = {isa = PBXFileReference; lastKnownFileType = sourcecode.c.h; path = AFURLConnectionOperation.h; sourceTree = "<group>"; };
		B32CD5EC16F514E20002894E /* AFURLConnectionOperation.m */ = {isa = PBXFileReference; lastKnownFileType = sourcecode.c.objc; path = AFURLConnectionOperation.m; sourceTree = "<group>"; };
/* End PBXFileReference section */

/* Begin PBXFrameworksBuildPhase section */
		B32CD5C416F5078C0002894E /* Frameworks */ = {
			isa = PBXFrameworksBuildPhase;
			buildActionMask = 2147483647;
			files = (
				B32CD5CB16F5078C0002894E /* Foundation.framework in Frameworks */,
			);
			runOnlyForDeploymentPostprocessing = 0;
		};
/* End PBXFrameworksBuildPhase section */

/* Begin PBXGroup section */
		B32CD5BE16F5078C0002894E = {
			isa = PBXGroup;
			children = (
				B32CD5D816F509C10002894E /* NSOperation+UserInfo.h */,
				B32CD5D916F509C10002894E /* NSOperation+UserInfo.m */,
				B32CD5CC16F5078C0002894E /* NSOperationUserInfoDemo */,
				B32CD5C916F5078C0002894E /* Frameworks */,
				B32CD5C816F5078C0002894E /* Products */,
			);
			sourceTree = "<group>";
		};
		B32CD5C816F5078C0002894E /* Products */ = {
			isa = PBXGroup;
			children = (
				B32CD5C716F5078C0002894E /* NSOperationUserInfoDemo */,
			);
			name = Products;
			sourceTree = "<group>";
		};
		B32CD5C916F5078C0002894E /* Frameworks */ = {
			isa = PBXGroup;
			children = (
				B32CD5CA16F5078C0002894E /* Foundation.framework */,
			);
			name = Frameworks;
			sourceTree = "<group>";
		};
		B32CD5CC16F5078C0002894E /* NSOperationUserInfoDemo */ = {
			isa = PBXGroup;
			children = (
				B32CD5DB16F514E20002894E /* AFNetworking */,
				B32CD5CD16F5078C0002894E /* main.m */,
			);
			path = NSOperationUserInfoDemo;
			sourceTree = "<group>";
		};
		B32CD5DB16F514E20002894E /* AFNetworking */ = {
			isa = PBXGroup;
			children = (
				B32CD5DE16F514E20002894E /* AFHTTPRequestOperation.h */,
				B32CD5DF16F514E20002894E /* AFHTTPRequestOperation.m */,
				B32CD5EB16F514E20002894E /* AFURLConnectionOperation.h */,
				B32CD5EC16F514E20002894E /* AFURLConnectionOperation.m */,
			);
			path = AFNetworking;
			sourceTree = "<group>";
		};
/* End PBXGroup section */

/* Begin PBXNativeTarget section */
		B32CD5C616F5078C0002894E /* NSOperationUserInfoDemo */ = {
			isa = PBXNativeTarget;
			buildConfigurationList = B32CD5D516F5078C0002894E /* Build configuration list for PBXNativeTarget "NSOperationUserInfoDemo" */;
			buildPhases = (
				B32CD5C316F5078C0002894E /* Sources */,
				B32CD5C416F5078C0002894E /* Frameworks */,
				B32CD5C516F5078C0002894E /* CopyFiles */,
			);
			buildRules = (
			);
			dependencies = (
			);
			name = NSOperationUserInfoDemo;
			productName = NSOperationUserInfoDemo;
			productReference = B32CD5C716F5078C0002894E /* NSOperationUserInfoDemo */;
			productType = "com.apple.product-type.tool";
		};
/* End PBXNativeTarget section */

/* Begin PBXProject section */
		B32CD5BF16F5078C0002894E /* Project object */ = {
			isa = PBXProject;
			attributes = {
				LastUpgradeCheck = 0460;
				ORGANIZATIONNAME = "Dominik Pich";
			};
			buildConfigurationList = B32CD5C216F5078C0002894E /* Build configuration list for PBXProject "NSOperationUserInfoDemo" */;
			compatibilityVersion = "Xcode 3.2";
			developmentRegion = English;
			hasScannedForEncodings = 0;
			knownRegions = (
				en,
			);
			mainGroup = B32CD5BE16F5078C0002894E;
			productRefGroup = B32CD5C816F5078C0002894E /* Products */;
			projectDirPath = "";
			projectRoot = "";
			targets = (
				B32CD5C616F5078C0002894E /* NSOperationUserInfoDemo */,
			);
		};
/* End PBXProject section */

/* Begin PBXSourcesBuildPhase section */
		B32CD5C316F5078C0002894E /* Sources */ = {
			isa = PBXSourcesBuildPhase;
			buildActionMask = 2147483647;
			files = (
				B32CD5CE16F5078C0002894E /* main.m in Sources */,
				B32CD5DA16F509C10002894E /* NSOperation+UserInfo.m in Sources */,
				B32CD5F116F515220002894E /* AFHTTPRequestOperation.m in Sources */,
				B32CD5F216F515270002894E /* AFURLConnectionOperation.m in Sources */,
			);
			runOnlyForDeploymentPostprocessing = 0;
		};
/* End PBXSourcesBuildPhase section */

/* Begin XCBuildConfiguration section */
		B32CD5D316F5078C0002894E /* Debug */ = {
			isa = XCBuildConfiguration;
			buildSettings = {
				ALWAYS_SEARCH_USER_PATHS = NO;
				ARCHS = "$(ARCHS_STANDARD_64_BIT)";
				CLANG_CXX_LANGUAGE_STANDARD = "gnu++0x";
				CLANG_CXX_LIBRARY = "libc++";
				CLANG_WARN_CONSTANT_CONVERSION = YES;
				CLANG_WARN_EMPTY_BODY = YES;
				CLANG_WARN_ENUM_CONVERSION = YES;
				CLANG_WARN_INT_CONVERSION = YES;
				CLANG_WARN__DUPLICATE_METHOD_MATCH = YES;
				COPY_PHASE_STRIP = NO;
				GCC_C_LANGUAGE_STANDARD = gnu99;
				GCC_DYNAMIC_NO_PIC = NO;
				GCC_ENABLE_OBJC_EXCEPTIONS = YES;
				GCC_OPTIMIZATION_LEVEL = 0;
				GCC_PREPROCESSOR_DEFINITIONS = (
					"DEBUG=1",
					"$(inherited)",
				);
				GCC_SYMBOLS_PRIVATE_EXTERN = NO;
				GCC_WARN_64_TO_32_BIT_CONVERSION = YES;
				GCC_WARN_ABOUT_RETURN_TYPE = YES;
				GCC_WARN_UNINITIALIZED_AUTOS = YES;
				GCC_WARN_UNUSED_VARIABLE = YES;
				MACOSX_DEPLOYMENT_TARGET = 10.7;
				ONLY_ACTIVE_ARCH = YES;
				SDKROOT = macosx;
			};
			name = Debug;
		};
		B32CD5D416F5078C0002894E /* Release */ = {
			isa = XCBuildConfiguration;
			buildSettings = {
				ALWAYS_SEARCH_USER_PATHS = NO;
				ARCHS = "$(ARCHS_STANDARD_64_BIT)";
				CLANG_CXX_LANGUAGE_STANDARD = "gnu++0x";
				CLANG_CXX_LIBRARY = "libc++";
				CLANG_WARN_CONSTANT_CONVERSION = YES;
				CLANG_WARN_EMPTY_BODY = YES;
				CLANG_WARN_ENUM_CONVERSION = YES;
				CLANG_WARN_INT_CONVERSION = YES;
				CLANG_WARN__DUPLICATE_METHOD_MATCH = YES;
				COPY_PHASE_STRIP = YES;
				DEBUG_INFORMATION_FORMAT = "dwarf-with-dsym";
				GCC_C_LANGUAGE_STANDARD = gnu99;
				GCC_ENABLE_OBJC_EXCEPTIONS = YES;
				GCC_WARN_64_TO_32_BIT_CONVERSION = YES;
				GCC_WARN_ABOUT_RETURN_TYPE = YES;
				GCC_WARN_UNINITIALIZED_AUTOS = YES;
				GCC_WARN_UNUSED_VARIABLE = YES;
				MACOSX_DEPLOYMENT_TARGET = 10.7;
				SDKROOT = macosx;
			};
			name = Release;
		};
		B32CD5D616F5078C0002894E /* Debug */ = {
			isa = XCBuildConfiguration;
			buildSettings = {
				CLANG_ENABLE_OBJC_ARC = YES;
				PRODUCT_NAME = "$(TARGET_NAME)";
			};
			name = Debug;
		};
		B32CD5D716F5078C0002894E /* Release */ = {
			isa = XCBuildConfiguration;
			buildSettings = {
				CLANG_ENABLE_OBJC_ARC = YES;
				PRODUCT_NAME = "$(TARGET_NAME)";
			};
			name = Release;
		};
/* End XCBuildConfiguration section */

/* Begin XCConfigurationList section */
		B32CD5C216F5078C0002894E /* Build configuration list for PBXProject "NSOperationUserInfoDemo" */ = {
			isa = XCConfigurationList;
			buildConfigurations = (
				B32CD5D316F5078C0002894E /* Debug */,
				B32CD5D416F5078C0002894E /* Release */,
			);
			defaultConfigurationIsVisible = 0;
			defaultConfigurationName = Release;
		};
		B32CD5D516F5078C0002894E /* Build configuration list for PBXNativeTarget "NSOperationUserInfoDemo" */ = {
			isa = XCConfigurationList;
			buildConfigurations = (
				B32CD5D616F5078C0002894E /* Debug */,
				B32CD5D716F5078C0002894E /* Release */,
			);
			defaultConfigurationIsVisible = 0;
		};
/* End XCConfigurationList section */
	};
	rootObject = B32CD5BF16F5078C0002894E /* Project object */;
}
