// !$*UTF8*$!
{
	archiveVersion = 1;
	classes = {
	};
	objectVersion = 46;
	objects = {

/* Begin PBXBuildFile section */
		B44FAAF61580EF180026A6D6 /* Foundation.framework in Frameworks */ = {isa = PBXBuildFile; fileRef = B44FAAF51580EF180026A6D6 /* Foundation.framework */; };
		B4661CA81608445B00F47449 /* NSObject+DDDump.m in Sources */ = {isa = PBXBuildFile; fileRef = B4661CA61608445B00F47449 /* NSObject+DDDump.m */; };
		B4661CA91608445B00F47449 /* NSObject+DDDumpMain.m in Sources */ = {isa = PBXBuildFile; fileRef = B4661CA71608445B00F47449 /* NSObject+DDDumpMain.m */; };
/* End PBXBuildFile section */

/* Begin PBXCopyFilesBuildPhase section */
		B44FAAEF1580EF180026A6D6 /* CopyFiles */ = {
			isa = PBXCopyFilesBuildPhase;
			buildActionMask = 2147483647;
			dstPath = /usr/share/man/man1/;
			dstSubfolderSpec = 0;
			files = (
			);
			runOnlyForDeploymentPostprocessing = 1;
		};
/* End PBXCopyFilesBuildPhase section */

/* Begin PBXFileReference section */
		B44FAAF11580EF180026A6D6 /* NSObject+DDDump */ = {isa = PBXFileReference; explicitFileType = "compiled.mach-o.executable"; includeInIndex = 0; path = "NSObject+DDDump"; sourceTree = BUILT_PRODUCTS_DIR; };
		B44FAAF51580EF180026A6D6 /* Foundation.framework */ = {isa = PBXFileReference; lastKnownFileType = wrapper.framework; name = Foundation.framework; path = System/Library/Frameworks/Foundation.framework; sourceTree = SDKROOT; };
		B4661CA51608445B00F47449 /* NSObject+DDDump.h */ = {isa = PBXFileReference; fileEncoding = 4; lastKnownFileType = sourcecode.c.h; path = "NSObject+DDDump.h"; sourceTree = "<group>"; };
		B4661CA61608445B00F47449 /* NSObject+DDDump.m */ = {isa = PBXFileReference; fileEncoding = 4; lastKnownFileType = sourcecode.c.objc; path = "NSObject+DDDump.m"; sourceTree = "<group>"; };
		B4661CA71608445B00F47449 /* NSObject+DDDumpMain.m */ = {isa = PBXFileReference; fileEncoding = 4; lastKnownFileType = sourcecode.c.objc; path = "NSObject+DDDumpMain.m"; sourceTree = "<group>"; };
/* End PBXFileReference section */

/* Begin PBXFrameworksBuildPhase section */
		B44FAAEE1580EF180026A6D6 /* Frameworks */ = {
			isa = PBXFrameworksBuildPhase;
			buildActionMask = 2147483647;
			files = (
				B44FAAF61580EF180026A6D6 /* Foundation.framework in Frameworks */,
			);
			runOnlyForDeploymentPostprocessing = 0;
		};
/* End PBXFrameworksBuildPhase section */

/* Begin PBXGroup section */
		B44FAAE61580EF180026A6D6 = {
			isa = PBXGroup;
			children = (
				B4661CA41608445B00F47449 /* NSObject+DDDump */,
				B44FAAF41580EF180026A6D6 /* Frameworks */,
				B44FAAF21580EF180026A6D6 /* Products */,
			);
			sourceTree = "<group>";
		};
		B44FAAF21580EF180026A6D6 /* Products */ = {
			isa = PBXGroup;
			children = (
				B44FAAF11580EF180026A6D6 /* NSObject+DDDump */,
			);
			name = Products;
			sourceTree = "<group>";
		};
		B44FAAF41580EF180026A6D6 /* Frameworks */ = {
			isa = PBXGroup;
			children = (
				B44FAAF51580EF180026A6D6 /* Foundation.framework */,
			);
			name = Frameworks;
			sourceTree = "<group>";
		};
		B4661CA41608445B00F47449 /* NSObject+DDDump */ = {
			isa = PBXGroup;
			children = (
				B4661CA51608445B00F47449 /* NSObject+DDDump.h */,
				B4661CA61608445B00F47449 /* NSObject+DDDump.m */,
				B4661CA71608445B00F47449 /* NSObject+DDDumpMain.m */,
			);
			path = "NSObject+DDDump";
			sourceTree = "<group>";
		};
/* End PBXGroup section */

/* Begin PBXNativeTarget section */
		B44FAAF01580EF180026A6D6 /* NSObject+DDDump */ = {
			isa = PBXNativeTarget;
			buildConfigurationList = B44FAB001580EF180026A6D6 /* Build configuration list for PBXNativeTarget "NSObject+DDDump" */;
			buildPhases = (
				B44FAAED1580EF180026A6D6 /* Sources */,
				B44FAAEE1580EF180026A6D6 /* Frameworks */,
				B44FAAEF1580EF180026A6D6 /* CopyFiles */,
			);
			buildRules = (
			);
			dependencies = (
			);
			name = "NSObject+DDDump";
			productName = DDDChecksum;
			productReference = B44FAAF11580EF180026A6D6 /* NSObject+DDDump */;
			productType = "com.apple.product-type.tool";
		};
/* End PBXNativeTarget section */

/* Begin PBXProject section */
		B44FAAE81580EF180026A6D6 /* Project object */ = {
			isa = PBXProject;
			attributes = {
				LastUpgradeCheck = 0500;
				ORGANIZATIONNAME = "doo GmbH";
			};
			buildConfigurationList = B44FAAEB1580EF180026A6D6 /* Build configuration list for PBXProject "NSObject+DDDump" */;
			compatibilityVersion = "Xcode 3.2";
			developmentRegion = English;
			hasScannedForEncodings = 0;
			knownRegions = (
				en,
			);
			mainGroup = B44FAAE61580EF180026A6D6;
			productRefGroup = B44FAAF21580EF180026A6D6 /* Products */;
			projectDirPath = "";
			projectRoot = "";
			targets = (
				B44FAAF01580EF180026A6D6 /* NSObject+DDDump */,
			);
		};
/* End PBXProject section */

/* Begin PBXSourcesBuildPhase section */
		B44FAAED1580EF180026A6D6 /* Sources */ = {
			isa = PBXSourcesBuildPhase;
			buildActionMask = 2147483647;
			files = (
				B4661CA81608445B00F47449 /* NSObject+DDDump.m in Sources */,
				B4661CA91608445B00F47449 /* NSObject+DDDumpMain.m in Sources */,
			);
			runOnlyForDeploymentPostprocessing = 0;
		};
/* End PBXSourcesBuildPhase section */

/* Begin XCBuildConfiguration section */
		B44FAAFE1580EF180026A6D6 /* Debug */ = {
			isa = XCBuildConfiguration;
			buildSettings = {
				ALWAYS_SEARCH_USER_PATHS = NO;
				CLANG_ENABLE_OBJC_ARC = YES;
				CLANG_WARN_BOOL_CONVERSION = YES;
				CLANG_WARN_CONSTANT_CONVERSION = YES;
				CLANG_WARN_EMPTY_BODY = YES;
				CLANG_WARN_ENUM_CONVERSION = YES;
				CLANG_WARN_INT_CONVERSION = YES;
				CLANG_WARN__DUPLICATE_METHOD_MATCH = YES;
				COPY_PHASE_STRIP = NO;
				GCC_C_LANGUAGE_STANDARD = gnu99;
				GCC_DYNAMIC_NO_PIC = NO;
				GCC_ENABLE_OBJC_EXCEPTIONS = YES;
				GCC_OPTIMIZATION_LEVEL = 0;
				GCC_PREPROCESSOR_DEFINITIONS = (
					"DEBUG=1",
					"$(inherited)",
				);
				GCC_SYMBOLS_PRIVATE_EXTERN = NO;
				GCC_VERSION = com.apple.compilers.llvm.clang.1_0;
				GCC_WARN_64_TO_32_BIT_CONVERSION = YES;
				GCC_WARN_ABOUT_RETURN_TYPE = YES;
				GCC_WARN_UNDECLARED_SELECTOR = YES;
				GCC_WARN_UNINITIALIZED_AUTOS = YES;
				GCC_WARN_UNUSED_FUNCTION = YES;
				GCC_WARN_UNUSED_VARIABLE = YES;
				MACOSX_DEPLOYMENT_TARGET = 10.7;
				ONLY_ACTIVE_ARCH = YES;
				SDKROOT = macosx;
			};
			name = Debug;
		};
		B44FAAFF1580EF180026A6D6 /* Release */ = {
			isa = XCBuildConfiguration;
			buildSettings = {
				ALWAYS_SEARCH_USER_PATHS = NO;
				CLANG_ENABLE_OBJC_ARC = YES;
				CLANG_WARN_BOOL_CONVERSION = YES;
				CLANG_WARN_CONSTANT_CONVERSION = YES;
				CLANG_WARN_EMPTY_BODY = YES;
				CLANG_WARN_ENUM_CONVERSION = YES;
				CLANG_WARN_INT_CONVERSION = YES;
				CLANG_WARN__DUPLICATE_METHOD_MATCH = YES;
				COPY_PHASE_STRIP = YES;
				DEBUG_INFORMATION_FORMAT = "dwarf-with-dsym";
				GCC_C_LANGUAGE_STANDARD = gnu99;
				GCC_ENABLE_OBJC_EXCEPTIONS = YES;
				GCC_VERSION = com.apple.compilers.llvm.clang.1_0;
				GCC_WARN_64_TO_32_BIT_CONVERSION = YES;
				GCC_WARN_ABOUT_RETURN_TYPE = YES;
				GCC_WARN_UNDECLARED_SELECTOR = YES;
				GCC_WARN_UNINITIALIZED_AUTOS = YES;
				GCC_WARN_UNUSED_FUNCTION = YES;
				GCC_WARN_UNUSED_VARIABLE = YES;
				MACOSX_DEPLOYMENT_TARGET = 10.7;
				SDKROOT = macosx;
			};
			name = Release;
		};
		B44FAB011580EF180026A6D6 /* Debug */ = {
			isa = XCBuildConfiguration;
			buildSettings = {
				PRODUCT_NAME = "NSObject+DDDump";
			};
			name = Debug;
		};
		B44FAB021580EF180026A6D6 /* Release */ = {
			isa = XCBuildConfiguration;
			buildSettings = {
				PRODUCT_NAME = "NSObject+DDDump";
			};
			name = Release;
		};
/* End XCBuildConfiguration section */

/* Begin XCConfigurationList section */
		B44FAAEB1580EF180026A6D6 /* Build configuration list for PBXProject "NSObject+DDDump" */ = {
			isa = XCConfigurationList;
			buildConfigurations = (
				B44FAAFE1580EF180026A6D6 /* Debug */,
				B44FAAFF1580EF180026A6D6 /* Release */,
			);
			defaultConfigurationIsVisible = 0;
			defaultConfigurationName = Release;
		};
		B44FAB001580EF180026A6D6 /* Build configuration list for PBXNativeTarget "NSObject+DDDump" */ = {
			isa = XCConfigurationList;
			buildConfigurations = (
				B44FAB011580EF180026A6D6 /* Debug */,
				B44FAB021580EF180026A6D6 /* Release */,
			);
			defaultConfigurationIsVisible = 0;
			defaultConfigurationName = Release;
		};
/* End XCConfigurationList section */
	};
	rootObject = B44FAAE81580EF180026A6D6 /* Project object */;
}
