// !$*UTF8*$!
{
	archiveVersion = 1;
	classes = {
	};
	objectVersion = 46;
	objects = {

/* Begin PBXBuildFile section */
		B379A13B1B00EEFA004388C5 /* DDPermutation.swift in Sources */ = {isa = PBXBuildFile; fileRef = B3047C871B00E7D900E95FD4 /* DDPermutation.swift */; };
		B379A13C1B00EEFA004388C5 /* main.swift in Sources */ = {isa = PBXBuildFile; fileRef = B3047C881B00E7D900E95FD4 /* main.swift */; };
/* End PBXBuildFile section */

/* Begin PBXCopyFilesBuildPhase section */
		B36CF8E31B00A02A00B2DF80 /* CopyFiles */ = {
			isa = PBXCopyFilesBuildPhase;
			buildActionMask = 2147483647;
			dstPath = /usr/share/man/man1/;
			dstSubfolderSpec = 0;
			files = (
			);
			runOnlyForDeploymentPostprocessing = 1;
		};
/* End PBXCopyFilesBuildPhase section */

/* Begin PBXFileReference section */
		B3047C871B00E7D900E95FD4 /* DDPermutation.swift */ = {isa = PBXFileReference; lastKnownFileType = sourcecode.swift; path = DDPermutation.swift; sourceTree = "<group>"; };
		B3047C881B00E7D900E95FD4 /* main.swift */ = {isa = PBXFileReference; lastKnownFileType = sourcecode.swift; path = main.swift; sourceTree = "<group>"; };
		B36CF8E51B00A02A00B2DF80 /* M42RandomIndexPermutation */ = {isa = PBXFileReference; explicitFileType = "compiled.mach-o.executable"; includeInIndex = 0; name = M42RandomIndexPermutation; path = DDPermutation; sourceTree = BUILT_PRODUCTS_DIR; };
/* End PBXFileReference section */

/* Begin PBXFrameworksBuildPhase section */
		B36CF8E21B00A02A00B2DF80 /* Frameworks */ = {
			isa = PBXFrameworksBuildPhase;
			buildActionMask = 2147483647;
			files = (
			);
			runOnlyForDeploymentPostprocessing = 0;
		};
/* End PBXFrameworksBuildPhase section */

/* Begin PBXGroup section */
		B3047C861B00E7D900E95FD4 /* DDPermutation */ = {
			isa = PBXGroup;
			children = (
				B3047C871B00E7D900E95FD4 /* DDPermutation.swift */,
				B3047C881B00E7D900E95FD4 /* main.swift */,
			);
			path = DDPermutation;
			sourceTree = "<group>";
		};
		B36CF8DC1B00A02A00B2DF80 = {
			isa = PBXGroup;
			children = (
				B3047C861B00E7D900E95FD4 /* DDPermutation */,
				B36CF8E61B00A02A00B2DF80 /* Products */,
			);
			sourceTree = "<group>";
		};
		B36CF8E61B00A02A00B2DF80 /* Products */ = {
			isa = PBXGroup;
			children = (
				B36CF8E51B00A02A00B2DF80 /* M42RandomIndexPermutation */,
			);
			name = Products;
			sourceTree = "<group>";
		};
/* End PBXGroup section */

/* Begin PBXNativeTarget section */
		B36CF8E41B00A02A00B2DF80 /* DDPermutation */ = {
			isa = PBXNativeTarget;
			buildConfigurationList = B36CF8EC1B00A02A00B2DF80 /* Build configuration list for PBXNativeTarget "DDPermutation" */;
			buildPhases = (
				B36CF8E11B00A02A00B2DF80 /* Sources */,
				B36CF8E21B00A02A00B2DF80 /* Frameworks */,
				B36CF8E31B00A02A00B2DF80 /* CopyFiles */,
			);
			buildRules = (
			);
			dependencies = (
			);
			name = DDPermutation;
			productName = M42RandomIndexPermutation;
			productReference = B36CF8E51B00A02A00B2DF80 /* M42RandomIndexPermutation */;
			productType = "com.apple.product-type.tool";
		};
/* End PBXNativeTarget section */

/* Begin PBXProject section */
		B36CF8DD1B00A02A00B2DF80 /* Project object */ = {
			isa = PBXProject;
			attributes = {
				LastUpgradeCheck = 0630;
				ORGANIZATIONNAME = "Dominik Pich";
				TargetAttributes = {
					B36CF8E41B00A02A00B2DF80 = {
						CreatedOnToolsVersion = 6.3.1;
					};
				};
			};
			buildConfigurationList = B36CF8E01B00A02A00B2DF80 /* Build configuration list for PBXProject "DDPermutation" */;
			compatibilityVersion = "Xcode 3.2";
			developmentRegion = English;
			hasScannedForEncodings = 0;
			knownRegions = (
				en,
			);
			mainGroup = B36CF8DC1B00A02A00B2DF80;
			productRefGroup = B36CF8E61B00A02A00B2DF80 /* Products */;
			projectDirPath = "";
			projectRoot = "";
			targets = (
				B36CF8E41B00A02A00B2DF80 /* DDPermutation */,
			);
		};
/* End PBXProject section */

/* Begin PBXSourcesBuildPhase section */
		B36CF8E11B00A02A00B2DF80 /* Sources */ = {
			isa = PBXSourcesBuildPhase;
			buildActionMask = 2147483647;
			files = (
				B379A13C1B00EEFA004388C5 /* main.swift in Sources */,
				B379A13B1B00EEFA004388C5 /* DDPermutation.swift in Sources */,
			);
			runOnlyForDeploymentPostprocessing = 0;
		};
/* End PBXSourcesBuildPhase section */

/* Begin XCBuildConfiguration section */
		B36CF8EA1B00A02A00B2DF80 /* Debug */ = {
			isa = XCBuildConfiguration;
			buildSettings = {
				ALWAYS_SEARCH_USER_PATHS = NO;
				CLANG_CXX_LANGUAGE_STANDARD = "gnu++0x";
				CLANG_CXX_LIBRARY = "libc++";
				CLANG_ENABLE_MODULES = YES;
				CLANG_ENABLE_OBJC_ARC = YES;
				CLANG_WARN_BOOL_CONVERSION = YES;
				CLANG_WARN_CONSTANT_CONVERSION = YES;
				CLANG_WARN_DIRECT_OBJC_ISA_USAGE = YES_ERROR;
				CLANG_WARN_EMPTY_BODY = YES;
				CLANG_WARN_ENUM_CONVERSION = YES;
				CLANG_WARN_INT_CONVERSION = YES;
				CLANG_WARN_OBJC_ROOT_CLASS = YES_ERROR;
				CLANG_WARN_UNREACHABLE_CODE = YES;
				CLANG_WARN__DUPLICATE_METHOD_MATCH = YES;
				COPY_PHASE_STRIP = NO;
				DEBUG_INFORMATION_FORMAT = dwarf;
				ENABLE_STRICT_OBJC_MSGSEND = YES;
				GCC_C_LANGUAGE_STANDARD = gnu99;
				GCC_DYNAMIC_NO_PIC = NO;
				GCC_NO_COMMON_BLOCKS = YES;
				GCC_OPTIMIZATION_LEVEL = 0;
				GCC_PREPROCESSOR_DEFINITIONS = (
					"DEBUG=1",
					"$(inherited)",
				);
				GCC_SYMBOLS_PRIVATE_EXTERN = NO;
				GCC_WARN_64_TO_32_BIT_CONVERSION = YES;
				GCC_WARN_ABOUT_RETURN_TYPE = YES_ERROR;
				GCC_WARN_UNDECLARED_SELECTOR = YES;
				GCC_WARN_UNINITIALIZED_AUTOS = YES_AGGRESSIVE;
				GCC_WARN_UNUSED_FUNCTION = YES;
				GCC_WARN_UNUSED_VARIABLE = YES;
				MACOSX_DEPLOYMENT_TARGET = 10.10;
				MTL_ENABLE_DEBUG_INFO = YES;
				ONLY_ACTIVE_ARCH = YES;
				SDKROOT = macosx;
				SWIFT_OPTIMIZATION_LEVEL = "-Onone";
			};
			name = Debug;
		};
		B36CF8EB1B00A02A00B2DF80 /* Release */ = {
			isa = XCBuildConfiguration;
			buildSettings = {
				ALWAYS_SEARCH_USER_PATHS = NO;
				CLANG_CXX_LANGUAGE_STANDARD = "gnu++0x";
				CLANG_CXX_LIBRARY = "libc++";
				CLANG_ENABLE_MODULES = YES;
				CLANG_ENABLE_OBJC_ARC = YES;
				CLANG_WARN_BOOL_CONVERSION = YES;
				CLANG_WARN_CONSTANT_CONVERSION = YES;
				CLANG_WARN_DIRECT_OBJC_ISA_USAGE = YES_ERROR;
				CLANG_WARN_EMPTY_BODY = YES;
				CLANG_WARN_ENUM_CONVERSION = YES;
				CLANG_WARN_INT_CONVERSION = YES;
				CLANG_WARN_OBJC_ROOT_CLASS = YES_ERROR;
				CLANG_WARN_UNREACHABLE_CODE = YES;
				CLANG_WARN__DUPLICATE_METHOD_MATCH = YES;
				COPY_PHASE_STRIP = NO;
				DEBUG_INFORMATION_FORMAT = "dwarf-with-dsym";
				ENABLE_NS_ASSERTIONS = NO;
				ENABLE_STRICT_OBJC_MSGSEND = YES;
				GCC_C_LANGUAGE_STANDARD = gnu99;
				GCC_NO_COMMON_BLOCKS = YES;
				GCC_WARN_64_TO_32_BIT_CONVERSION = YES;
				GCC_WARN_ABOUT_RETURN_TYPE = YES_ERROR;
				GCC_WARN_UNDECLARED_SELECTOR = YES;
				GCC_WARN_UNINITIALIZED_AUTOS = YES_AGGRESSIVE;
				GCC_WARN_UNUSED_FUNCTION = YES;
				GCC_WARN_UNUSED_VARIABLE = YES;
				MACOSX_DEPLOYMENT_TARGET = 10.10;
				MTL_ENABLE_DEBUG_INFO = NO;
				SDKROOT = macosx;
			};
			name = Release;
		};
		B36CF8ED1B00A02A00B2DF80 /* Debug */ = {
			isa = XCBuildConfiguration;
			buildSettings = {
				CLANG_ENABLE_MODULES = YES;
				LD_RUNPATH_SEARCH_PATHS = "$(inherited) @executable_path/../Frameworks @loader_path/../Frameworks";
				PRODUCT_NAME = "$(TARGET_NAME)";
				SWIFT_OPTIMIZATION_LEVEL = "-Onone";
			};
			name = Debug;
		};
		B36CF8EE1B00A02A00B2DF80 /* Release */ = {
			isa = XCBuildConfiguration;
			buildSettings = {
				CLANG_ENABLE_MODULES = YES;
				LD_RUNPATH_SEARCH_PATHS = "$(inherited) @executable_path/../Frameworks @loader_path/../Frameworks";
				PRODUCT_NAME = "$(TARGET_NAME)";
			};
			name = Release;
		};
/* End XCBuildConfiguration section */

/* Begin XCConfigurationList section */
		B36CF8E01B00A02A00B2DF80 /* Build configuration list for PBXProject "DDPermutation" */ = {
			isa = XCConfigurationList;
			buildConfigurations = (
				B36CF8EA1B00A02A00B2DF80 /* Debug */,
				B36CF8EB1B00A02A00B2DF80 /* Release */,
			);
			defaultConfigurationIsVisible = 0;
			defaultConfigurationName = Release;
		};
		B36CF8EC1B00A02A00B2DF80 /* Build configuration list for PBXNativeTarget "DDPermutation" */ = {
			isa = XCConfigurationList;
			buildConfigurations = (
				B36CF8ED1B00A02A00B2DF80 /* Debug */,
				B36CF8EE1B00A02A00B2DF80 /* Release */,
			);
			defaultConfigurationIsVisible = 0;
			defaultConfigurationName = Release;
		};
/* End XCConfigurationList section */
	};
	rootObject = B36CF8DD1B00A02A00B2DF80 /* Project object */;
}
