// !$*UTF8*$!
{
	archiveVersion = 1;
	classes = {
	};
	objectVersion = 46;
	objects = {

/* Begin PBXBuildFile section */
		B334B2551BAEF076003689FE /* main.m in Sources */ = {isa = PBXBuildFile; fileRef = B334B2541BAEF076003689FE /* main.m */; };
		B334B2581BAEF076003689FE /* AppDelegate.m in Sources */ = {isa = PBXBuildFile; fileRef = B334B2571BAEF076003689FE /* AppDelegate.m */; };
		B334B25E1BAEF076003689FE /* Main.storyboard in Resources */ = {isa = PBXBuildFile; fileRef = B334B25C1BAEF076003689FE /* Main.storyboard */; };
		B334B2601BAEF076003689FE /* Assets.xcassets in Resources */ = {isa = PBXBuildFile; fileRef = B334B25F1BAEF076003689FE /* Assets.xcassets */; };
		B334B2631BAEF076003689FE /* LaunchScreen.storyboard in Resources */ = {isa = PBXBuildFile; fileRef = B334B2611BAEF076003689FE /* LaunchScreen.storyboard */; };
		B334B26C1BAEF081003689FE /* UIViewController+Dummy.m in Sources */ = {isa = PBXBuildFile; fileRef = B334B26B1BAEF081003689FE /* UIViewController+Dummy.m */; settings = {ASSET_TAGS = (); }; };
/* End PBXBuildFile section */

/* Begin PBXFileReference section */
		B334B2501BAEF076003689FE /* DummyDemo.app */ = {isa = PBXFileReference; explicitFileType = wrapper.application; includeInIndex = 0; path = DummyDemo.app; sourceTree = BUILT_PRODUCTS_DIR; };
		B334B2541BAEF076003689FE /* main.m */ = {isa = PBXFileReference; lastKnownFileType = sourcecode.c.objc; path = main.m; sourceTree = "<group>"; };
		B334B2561BAEF076003689FE /* AppDelegate.h */ = {isa = PBXFileReference; lastKnownFileType = sourcecode.c.h; path = AppDelegate.h; sourceTree = "<group>"; };
		B334B2571BAEF076003689FE /* AppDelegate.m */ = {isa = PBXFileReference; lastKnownFileType = sourcecode.c.objc; path = AppDelegate.m; sourceTree = "<group>"; };
		B334B25D1BAEF076003689FE /* Base */ = {isa = PBXFileReference; lastKnownFileType = file.storyboard; name = Base; path = Base.lproj/Main.storyboard; sourceTree = "<group>"; };
		B334B25F1BAEF076003689FE /* Assets.xcassets */ = {isa = PBXFileReference; lastKnownFileType = folder.assetcatalog; path = Assets.xcassets; sourceTree = "<group>"; };
		B334B2621BAEF076003689FE /* Base */ = {isa = PBXFileReference; lastKnownFileType = file.storyboard; name = Base; path = Base.lproj/LaunchScreen.storyboard; sourceTree = "<group>"; };
		B334B2641BAEF076003689FE /* Info.plist */ = {isa = PBXFileReference; lastKnownFileType = text.plist.xml; path = Info.plist; sourceTree = "<group>"; };
		B334B26A1BAEF081003689FE /* UIViewController+Dummy.h */ = {isa = PBXFileReference; fileEncoding = 4; lastKnownFileType = sourcecode.c.h; name = "UIViewController+Dummy.h"; path = "../UIViewController+Dummy.h"; sourceTree = "<group>"; };
		B334B26B1BAEF081003689FE /* UIViewController+Dummy.m */ = {isa = PBXFileReference; fileEncoding = 4; lastKnownFileType = sourcecode.c.objc; name = "UIViewController+Dummy.m"; path = "../UIViewController+Dummy.m"; sourceTree = "<group>"; };
/* End PBXFileReference section */

/* Begin PBXFrameworksBuildPhase section */
		B334B24D1BAEF076003689FE /* Frameworks */ = {
			isa = PBXFrameworksBuildPhase;
			buildActionMask = 2147483647;
			files = (
			);
			runOnlyForDeploymentPostprocessing = 0;
		};
/* End PBXFrameworksBuildPhase section */

/* Begin PBXGroup section */
		B334B2471BAEF076003689FE = {
			isa = PBXGroup;
			children = (
				B334B26A1BAEF081003689FE /* UIViewController+Dummy.h */,
				B334B26B1BAEF081003689FE /* UIViewController+Dummy.m */,
				B334B2521BAEF076003689FE /* DummyDemo */,
				B334B2511BAEF076003689FE /* Products */,
			);
			sourceTree = "<group>";
		};
		B334B2511BAEF076003689FE /* Products */ = {
			isa = PBXGroup;
			children = (
				B334B2501BAEF076003689FE /* DummyDemo.app */,
			);
			name = Products;
			sourceTree = "<group>";
		};
		B334B2521BAEF076003689FE /* DummyDemo */ = {
			isa = PBXGroup;
			children = (
				B334B2561BAEF076003689FE /* AppDelegate.h */,
				B334B2571BAEF076003689FE /* AppDelegate.m */,
				B334B25C1BAEF076003689FE /* Main.storyboard */,
				B334B25F1BAEF076003689FE /* Assets.xcassets */,
				B334B2611BAEF076003689FE /* LaunchScreen.storyboard */,
				B334B2641BAEF076003689FE /* Info.plist */,
				B334B2531BAEF076003689FE /* Supporting Files */,
			);
			path = DummyDemo;
			sourceTree = "<group>";
		};
		B334B2531BAEF076003689FE /* Supporting Files */ = {
			isa = PBXGroup;
			children = (
				B334B2541BAEF076003689FE /* main.m */,
			);
			name = "Supporting Files";
			sourceTree = "<group>";
		};
/* End PBXGroup section */

/* Begin PBXNativeTarget section */
		B334B24F1BAEF076003689FE /* DummyDemo */ = {
			isa = PBXNativeTarget;
			buildConfigurationList = B334B2671BAEF076003689FE /* Build configuration list for PBXNativeTarget "DummyDemo" */;
			buildPhases = (
				B334B24C1BAEF076003689FE /* Sources */,
				B334B24D1BAEF076003689FE /* Frameworks */,
				B334B24E1BAEF076003689FE /* Resources */,
			);
			buildRules = (
			);
			dependencies = (
			);
			name = DummyDemo;
			productName = DummyDemo;
			productReference = B334B2501BAEF076003689FE /* DummyDemo.app */;
			productType = "com.apple.product-type.application";
		};
/* End PBXNativeTarget section */

/* Begin PBXProject section */
		B334B2481BAEF076003689FE /* Project object */ = {
			isa = PBXProject;
			attributes = {
				LastUpgradeCheck = 0700;
				ORGANIZATIONNAME = "Dominik Pich";
				TargetAttributes = {
					B334B24F1BAEF076003689FE = {
						CreatedOnToolsVersion = 7.0;
					};
				};
			};
			buildConfigurationList = B334B24B1BAEF076003689FE /* Build configuration list for PBXProject "DummyDemo" */;
			compatibilityVersion = "Xcode 3.2";
			developmentRegion = English;
			hasScannedForEncodings = 0;
			knownRegions = (
				en,
				Base,
			);
			mainGroup = B334B2471BAEF076003689FE;
			productRefGroup = B334B2511BAEF076003689FE /* Products */;
			projectDirPath = "";
			projectRoot = "";
			targets = (
				B334B24F1BAEF076003689FE /* DummyDemo */,
			);
		};
/* End PBXProject section */

/* Begin PBXResourcesBuildPhase section */
		B334B24E1BAEF076003689FE /* Resources */ = {
			isa = PBXResourcesBuildPhase;
			buildActionMask = 2147483647;
			files = (
				B334B2631BAEF076003689FE /* LaunchScreen.storyboard in Resources */,
				B334B2601BAEF076003689FE /* Assets.xcassets in Resources */,
				B334B25E1BAEF076003689FE /* Main.storyboard in Resources */,
			);
			runOnlyForDeploymentPostprocessing = 0;
		};
/* End PBXResourcesBuildPhase section */

/* Begin PBXSourcesBuildPhase section */
		B334B24C1BAEF076003689FE /* Sources */ = {
			isa = PBXSourcesBuildPhase;
			buildActionMask = 2147483647;
			files = (
				B334B2581BAEF076003689FE /* AppDelegate.m in Sources */,
				B334B2551BAEF076003689FE /* main.m in Sources */,
				B334B26C1BAEF081003689FE /* UIViewController+Dummy.m in Sources */,
			);
			runOnlyForDeploymentPostprocessing = 0;
		};
/* End PBXSourcesBuildPhase section */

/* Begin PBXVariantGroup section */
		B334B25C1BAEF076003689FE /* Main.storyboard */ = {
			isa = PBXVariantGroup;
			children = (
				B334B25D1BAEF076003689FE /* Base */,
			);
			name = Main.storyboard;
			sourceTree = "<group>";
		};
		B334B2611BAEF076003689FE /* LaunchScreen.storyboard */ = {
			isa = PBXVariantGroup;
			children = (
				B334B2621BAEF076003689FE /* Base */,
			);
			name = LaunchScreen.storyboard;
			sourceTree = "<group>";
		};
/* End PBXVariantGroup section */

/* Begin XCBuildConfiguration section */
		B334B2651BAEF076003689FE /* Debug */ = {
			isa = XCBuildConfiguration;
			buildSettings = {
				ALWAYS_SEARCH_USER_PATHS = NO;
				CLANG_CXX_LANGUAGE_STANDARD = "gnu++0x";
				CLANG_CXX_LIBRARY = "libc++";
				CLANG_ENABLE_MODULES = YES;
				CLANG_ENABLE_OBJC_ARC = YES;
				CLANG_WARN_BOOL_CONVERSION = YES;
				CLANG_WARN_CONSTANT_CONVERSION = YES;
				CLANG_WARN_DIRECT_OBJC_ISA_USAGE = YES_ERROR;
				CLANG_WARN_EMPTY_BODY = YES;
				CLANG_WARN_ENUM_CONVERSION = YES;
				CLANG_WARN_INT_CONVERSION = YES;
				CLANG_WARN_OBJC_ROOT_CLASS = YES_ERROR;
				CLANG_WARN_UNREACHABLE_CODE = YES;
				CLANG_WARN__DUPLICATE_METHOD_MATCH = YES;
				"CODE_SIGN_IDENTITY[sdk=iphoneos*]" = "iPhone Developer";
				COPY_PHASE_STRIP = NO;
				DEBUG_INFORMATION_FORMAT = dwarf;
				ENABLE_STRICT_OBJC_MSGSEND = YES;
				ENABLE_TESTABILITY = YES;
				GCC_C_LANGUAGE_STANDARD = gnu99;
				GCC_DYNAMIC_NO_PIC = NO;
				GCC_NO_COMMON_BLOCKS = YES;
				GCC_OPTIMIZATION_LEVEL = 0;
				GCC_PREPROCESSOR_DEFINITIONS = (
					"DEBUG=1",
					"$(inherited)",
				);
				GCC_WARN_64_TO_32_BIT_CONVERSION = YES;
				GCC_WARN_ABOUT_RETURN_TYPE = YES_ERROR;
				GCC_WARN_UNDECLARED_SELECTOR = YES;
				GCC_WARN_UNINITIALIZED_AUTOS = YES_AGGRESSIVE;
				GCC_WARN_UNUSED_FUNCTION = YES;
				GCC_WARN_UNUSED_VARIABLE = YES;
				IPHONEOS_DEPLOYMENT_TARGET = 9.0;
				MTL_ENABLE_DEBUG_INFO = YES;
				ONLY_ACTIVE_ARCH = YES;
				SDKROOT = iphoneos;
			};
			name = Debug;
		};
		B334B2661BAEF076003689FE /* Release */ = {
			isa = XCBuildConfiguration;
			buildSettings = {
				ALWAYS_SEARCH_USER_PATHS = NO;
				CLANG_CXX_LANGUAGE_STANDARD = "gnu++0x";
				CLANG_CXX_LIBRARY = "libc++";
				CLANG_ENABLE_MODULES = YES;
				CLANG_ENABLE_OBJC_ARC = YES;
				CLANG_WARN_BOOL_CONVERSION = YES;
				CLANG_WARN_CONSTANT_CONVERSION = YES;
				CLANG_WARN_DIRECT_OBJC_ISA_USAGE = YES_ERROR;
				CLANG_WARN_EMPTY_BODY = YES;
				CLANG_WARN_ENUM_CONVERSION = YES;
				CLANG_WARN_INT_CONVERSION = YES;
				CLANG_WARN_OBJC_ROOT_CLASS = YES_ERROR;
				CLANG_WARN_UNREACHABLE_CODE = YES;
				CLANG_WARN__DUPLICATE_METHOD_MATCH = YES;
				"CODE_SIGN_IDENTITY[sdk=iphoneos*]" = "iPhone Developer";
				COPY_PHASE_STRIP = NO;
				DEBUG_INFORMATION_FORMAT = "dwarf-with-dsym";
				ENABLE_NS_ASSERTIONS = NO;
				ENABLE_STRICT_OBJC_MSGSEND = YES;
				GCC_C_LANGUAGE_STANDARD = gnu99;
				GCC_NO_COMMON_BLOCKS = YES;
				GCC_WARN_64_TO_32_BIT_CONVERSION = YES;
				GCC_WARN_ABOUT_RETURN_TYPE = YES_ERROR;
				GCC_WARN_UNDECLARED_SELECTOR = YES;
				GCC_WARN_UNINITIALIZED_AUTOS = YES_AGGRESSIVE;
				GCC_WARN_UNUSED_FUNCTION = YES;
				GCC_WARN_UNUSED_VARIABLE = YES;
				IPHONEOS_DEPLOYMENT_TARGET = 9.0;
				MTL_ENABLE_DEBUG_INFO = NO;
				SDKROOT = iphoneos;
				VALIDATE_PRODUCT = YES;
			};
			name = Release;
		};
		B334B2681BAEF076003689FE /* Debug */ = {
			isa = XCBuildConfiguration;
			buildSettings = {
				ASSETCATALOG_COMPILER_APPICON_NAME = AppIcon;
				INFOPLIST_FILE = DummyDemo/Info.plist;
				LD_RUNPATH_SEARCH_PATHS = "$(inherited) @executable_path/Frameworks";
				PRODUCT_BUNDLE_IDENTIFIER = com.sapient.garage.DummyDemo;
				PRODUCT_NAME = "$(TARGET_NAME)";
			};
			name = Debug;
		};
		B334B2691BAEF076003689FE /* Release */ = {
			isa = XCBuildConfiguration;
			buildSettings = {
				ASSETCATALOG_COMPILER_APPICON_NAME = AppIcon;
				INFOPLIST_FILE = DummyDemo/Info.plist;
				LD_RUNPATH_SEARCH_PATHS = "$(inherited) @executable_path/Frameworks";
				PRODUCT_BUNDLE_IDENTIFIER = com.sapient.garage.DummyDemo;
				PRODUCT_NAME = "$(TARGET_NAME)";
			};
			name = Release;
		};
/* End XCBuildConfiguration section */

/* Begin XCConfigurationList section */
		B334B24B1BAEF076003689FE /* Build configuration list for PBXProject "DummyDemo" */ = {
			isa = XCConfigurationList;
			buildConfigurations = (
				B334B2651BAEF076003689FE /* Debug */,
				B334B2661BAEF076003689FE /* Release */,
			);
			defaultConfigurationIsVisible = 0;
			defaultConfigurationName = Release;
		};
		B334B2671BAEF076003689FE /* Build configuration list for PBXNativeTarget "DummyDemo" */ = {
			isa = XCConfigurationList;
			buildConfigurations = (
				B334B2681BAEF076003689FE /* Debug */,
				B334B2691BAEF076003689FE /* Release */,
			);
			defaultConfigurationIsVisible = 0;
		};
/* End XCConfigurationList section */
	};
	rootObject = B334B2481BAEF076003689FE /* Project object */;
}
